// !$*UTF8*$!
{
	archiveVersion = 1;
	classes = {
	};
	objectVersion = 46;
	objects = {

/* Begin PBXBuildFile section */
		2257A8861C7D9070002A3EF3 /* UITableView+FDIndexPathHeightCache.m in Sources */ = {isa = PBXBuildFile; fileRef = 2257A87F1C7D9070002A3EF3 /* UITableView+FDIndexPathHeightCache.m */; };
		2257A8871C7D9070002A3EF3 /* UITableView+FDKeyedHeightCache.m in Sources */ = {isa = PBXBuildFile; fileRef = 2257A8811C7D9070002A3EF3 /* UITableView+FDKeyedHeightCache.m */; };
		2257A8881C7D9070002A3EF3 /* UITableView+FDTemplateLayoutCell.m in Sources */ = {isa = PBXBuildFile; fileRef = 2257A8831C7D9070002A3EF3 /* UITableView+FDTemplateLayoutCell.m */; };
		2257A8891C7D9070002A3EF3 /* UITableView+FDTemplateLayoutCellDebug.m in Sources */ = {isa = PBXBuildFile; fileRef = 2257A8851C7D9070002A3EF3 /* UITableView+FDTemplateLayoutCellDebug.m */; };
		2257A8AE1C7D9232002A3EF3 /* MyCellStringModel.m in Sources */ = {isa = PBXBuildFile; fileRef = 2257A8991C7D9232002A3EF3 /* MyCellStringModel.m */; };
		2257A8B01C7D9232002A3EF3 /* MyDelegateTableViewCell.m in Sources */ = {isa = PBXBuildFile; fileRef = 2257A89D1C7D9232002A3EF3 /* MyDelegateTableViewCell.m */; };
		2257A8B11C7D9232002A3EF3 /* MyDemoArrayViewController.m in Sources */ = {isa = PBXBuildFile; fileRef = 2257A89F1C7D9232002A3EF3 /* MyDemoArrayViewController.m */; };
		2257A8B21C7D9232002A3EF3 /* MyDemoCellDelegateViewController.m in Sources */ = {isa = PBXBuildFile; fileRef = 2257A8A11C7D9232002A3EF3 /* MyDemoCellDelegateViewController.m */; };
		2257A8B31C7D9232002A3EF3 /* MyDemoCompositeViewController.m in Sources */ = {isa = PBXBuildFile; fileRef = 2257A8A31C7D9232002A3EF3 /* MyDemoCompositeViewController.m */; };
		2257A8B41C7D9232002A3EF3 /* MyDemoUserModelViewController.m in Sources */ = {isa = PBXBuildFile; fileRef = 2257A8A51C7D9232002A3EF3 /* MyDemoUserModelViewController.m */; };
		2257A8B51C7D9232002A3EF3 /* MyInterestList.m in Sources */ = {isa = PBXBuildFile; fileRef = 2257A8A71C7D9232002A3EF3 /* MyInterestList.m */; };
		2257A8B61C7D9232002A3EF3 /* MyInterestList+HTTableViewDataSource.m in Sources */ = {isa = PBXBuildFile; fileRef = 2257A8A91C7D9232002A3EF3 /* MyInterestList+HTTableViewDataSource.m */; };
		2257A8B81C7D9232002A3EF3 /* MyTableViewCellModel.m in Sources */ = {isa = PBXBuildFile; fileRef = 2257A8AD1C7D9232002A3EF3 /* MyTableViewCellModel.m */; };
		2257A8C61C7D98C0002A3EF3 /* MyTableViewCell.xib in Resources */ = {isa = PBXBuildFile; fileRef = 2257A8C41C7D98C0002A3EF3 /* MyTableViewCell.xib */; };
		2257A8C91C7D9946002A3EF3 /* MyTableViewCell.m in Sources */ = {isa = PBXBuildFile; fileRef = 2257A8C81C7D9946002A3EF3 /* MyTableViewCell.m */; };
		2257A8CD1C7D9BC7002A3EF3 /* MyDelegateTableViewCell.xib in Resources */ = {isa = PBXBuildFile; fileRef = 2257A8CC1C7D9BC7002A3EF3 /* MyDelegateTableViewCell.xib */; };
		2257A8D71C7D9EB7002A3EF3 /* HTTableViewDataSourceDelegate.m in Sources */ = {isa = PBXBuildFile; fileRef = 2257A8CF1C7D9EB7002A3EF3 /* HTTableViewDataSourceDelegate.m */; };
		2257A8D81C7D9EB7002A3EF3 /* HTTableViewCompositeDataSourceDelegate.m in Sources */ = {isa = PBXBuildFile; fileRef = 2257A8D21C7D9EB7002A3EF3 /* HTTableViewCompositeDataSourceDelegate.m */; };
		2257A8D91C7D9EB7002A3EF3 /* NSArray+DataSource.m in Sources */ = {isa = PBXBuildFile; fileRef = 2257A8D61C7D9EB7002A3EF3 /* NSArray+DataSource.m */; };
		227173C81C4CE8DF000F6999 /* main.m in Sources */ = {isa = PBXBuildFile; fileRef = 227173C71C4CE8DF000F6999 /* main.m */; };
		227173CB1C4CE8DF000F6999 /* AppDelegate.m in Sources */ = {isa = PBXBuildFile; fileRef = 227173CA1C4CE8DF000F6999 /* AppDelegate.m */; };
		227173D11C4CE8DF000F6999 /* Main.storyboard in Resources */ = {isa = PBXBuildFile; fileRef = 227173CF1C4CE8DF000F6999 /* Main.storyboard */; };
		227173D31C4CE8DF000F6999 /* Assets.xcassets in Resources */ = {isa = PBXBuildFile; fileRef = 227173D21C4CE8DF000F6999 /* Assets.xcassets */; };
		227173D61C4CE8DF000F6999 /* LaunchScreen.storyboard in Resources */ = {isa = PBXBuildFile; fileRef = 227173D41C4CE8DF000F6999 /* LaunchScreen.storyboard */; };
		227174E81C57181B000F6999 /* ReadMe.md in Sources */ = {isa = PBXBuildFile; fileRef = 227174E71C57181B000F6999 /* ReadMe.md */; };
/* End PBXBuildFile section */

/* Begin PBXFileReference section */
		2257A87E1C7D9070002A3EF3 /* UITableView+FDIndexPathHeightCache.h */ = {isa = PBXFileReference; fileEncoding = 4; lastKnownFileType = sourcecode.c.h; name = "UITableView+FDIndexPathHeightCache.h"; path = "HT table view height calculate/UITableView+FDIndexPathHeightCache.h"; sourceTree = "<group>"; };
		2257A87F1C7D9070002A3EF3 /* UITableView+FDIndexPathHeightCache.m */ = {isa = PBXFileReference; fileEncoding = 4; lastKnownFileType = sourcecode.c.objc; name = "UITableView+FDIndexPathHeightCache.m"; path = "HT table view height calculate/UITableView+FDIndexPathHeightCache.m"; sourceTree = "<group>"; };
		2257A8801C7D9070002A3EF3 /* UITableView+FDKeyedHeightCache.h */ = {isa = PBXFileReference; fileEncoding = 4; lastKnownFileType = sourcecode.c.h; name = "UITableView+FDKeyedHeightCache.h"; path = "HT table view height calculate/UITableView+FDKeyedHeightCache.h"; sourceTree = "<group>"; };
		2257A8811C7D9070002A3EF3 /* UITableView+FDKeyedHeightCache.m */ = {isa = PBXFileReference; fileEncoding = 4; lastKnownFileType = sourcecode.c.objc; name = "UITableView+FDKeyedHeightCache.m"; path = "HT table view height calculate/UITableView+FDKeyedHeightCache.m"; sourceTree = "<group>"; };
		2257A8821C7D9070002A3EF3 /* UITableView+FDTemplateLayoutCell.h */ = {isa = PBXFileReference; fileEncoding = 4; lastKnownFileType = sourcecode.c.h; name = "UITableView+FDTemplateLayoutCell.h"; path = "HT table view height calculate/UITableView+FDTemplateLayoutCell.h"; sourceTree = "<group>"; };
		2257A8831C7D9070002A3EF3 /* UITableView+FDTemplateLayoutCell.m */ = {isa = PBXFileReference; fileEncoding = 4; lastKnownFileType = sourcecode.c.objc; name = "UITableView+FDTemplateLayoutCell.m"; path = "HT table view height calculate/UITableView+FDTemplateLayoutCell.m"; sourceTree = "<group>"; };
		2257A8841C7D9070002A3EF3 /* UITableView+FDTemplateLayoutCellDebug.h */ = {isa = PBXFileReference; fileEncoding = 4; lastKnownFileType = sourcecode.c.h; name = "UITableView+FDTemplateLayoutCellDebug.h"; path = "HT table view height calculate/UITableView+FDTemplateLayoutCellDebug.h"; sourceTree = "<group>"; };
		2257A8851C7D9070002A3EF3 /* UITableView+FDTemplateLayoutCellDebug.m */ = {isa = PBXFileReference; fileEncoding = 4; lastKnownFileType = sourcecode.c.objc; name = "UITableView+FDTemplateLayoutCellDebug.m"; path = "HT table view height calculate/UITableView+FDTemplateLayoutCellDebug.m"; sourceTree = "<group>"; };
		2257A8981C7D9232002A3EF3 /* MyCellStringModel.h */ = {isa = PBXFileReference; fileEncoding = 4; lastKnownFileType = sourcecode.c.h; name = MyCellStringModel.h; path = DemoDetail/MyCellStringModel.h; sourceTree = "<group>"; };
		2257A8991C7D9232002A3EF3 /* MyCellStringModel.m */ = {isa = PBXFileReference; fileEncoding = 4; lastKnownFileType = sourcecode.c.objc; name = MyCellStringModel.m; path = DemoDetail/MyCellStringModel.m; sourceTree = "<group>"; };
		2257A89C1C7D9232002A3EF3 /* MyDelegateTableViewCell.h */ = {isa = PBXFileReference; fileEncoding = 4; lastKnownFileType = sourcecode.c.h; name = MyDelegateTableViewCell.h; path = DemoDetail/MyDelegateTableViewCell.h; sourceTree = "<group>"; };
		2257A89D1C7D9232002A3EF3 /* MyDelegateTableViewCell.m */ = {isa = PBXFileReference; fileEncoding = 4; lastKnownFileType = sourcecode.c.objc; name = MyDelegateTableViewCell.m; path = DemoDetail/MyDelegateTableViewCell.m; sourceTree = "<group>"; };
		2257A89E1C7D9232002A3EF3 /* MyDemoArrayViewController.h */ = {isa = PBXFileReference; fileEncoding = 4; lastKnownFileType = sourcecode.c.h; name = MyDemoArrayViewController.h; path = DemoDetail/MyDemoArrayViewController.h; sourceTree = "<group>"; };
		2257A89F1C7D9232002A3EF3 /* MyDemoArrayViewController.m */ = {isa = PBXFileReference; fileEncoding = 4; lastKnownFileType = sourcecode.c.objc; name = MyDemoArrayViewController.m; path = DemoDetail/MyDemoArrayViewController.m; sourceTree = "<group>"; };
		2257A8A01C7D9232002A3EF3 /* MyDemoCellDelegateViewController.h */ = {isa = PBXFileReference; fileEncoding = 4; lastKnownFileType = sourcecode.c.h; name = MyDemoCellDelegateViewController.h; path = DemoDetail/MyDemoCellDelegateViewController.h; sourceTree = "<group>"; };
		2257A8A11C7D9232002A3EF3 /* MyDemoCellDelegateViewController.m */ = {isa = PBXFileReference; fileEncoding = 4; lastKnownFileType = sourcecode.c.objc; name = MyDemoCellDelegateViewController.m; path = DemoDetail/MyDemoCellDelegateViewController.m; sourceTree = "<group>"; };
		2257A8A21C7D9232002A3EF3 /* MyDemoCompositeViewController.h */ = {isa = PBXFileReference; fileEncoding = 4; lastKnownFileType = sourcecode.c.h; name = MyDemoCompositeViewController.h; path = DemoDetail/MyDemoCompositeViewController.h; sourceTree = "<group>"; };
		2257A8A31C7D9232002A3EF3 /* MyDemoCompositeViewController.m */ = {isa = PBXFileReference; fileEncoding = 4; lastKnownFileType = sourcecode.c.objc; name = MyDemoCompositeViewController.m; path = DemoDetail/MyDemoCompositeViewController.m; sourceTree = "<group>"; };
		2257A8A41C7D9232002A3EF3 /* MyDemoUserModelViewController.h */ = {isa = PBXFileReference; fileEncoding = 4; lastKnownFileType = sourcecode.c.h; name = MyDemoUserModelViewController.h; path = DemoDetail/MyDemoUserModelViewController.h; sourceTree = "<group>"; };
		2257A8A51C7D9232002A3EF3 /* MyDemoUserModelViewController.m */ = {isa = PBXFileReference; fileEncoding = 4; lastKnownFileType = sourcecode.c.objc; name = MyDemoUserModelViewController.m; path = DemoDetail/MyDemoUserModelViewController.m; sourceTree = "<group>"; };
		2257A8A61C7D9232002A3EF3 /* MyInterestList.h */ = {isa = PBXFileReference; fileEncoding = 4; lastKnownFileType = sourcecode.c.h; name = MyInterestList.h; path = DemoDetail/MyInterestList.h; sourceTree = "<group>"; };
		2257A8A71C7D9232002A3EF3 /* MyInterestList.m */ = {isa = PBXFileReference; fileEncoding = 4; lastKnownFileType = sourcecode.c.objc; name = MyInterestList.m; path = DemoDetail/MyInterestList.m; sourceTree = "<group>"; };
		2257A8A81C7D9232002A3EF3 /* MyInterestList+HTTableViewDataSource.h */ = {isa = PBXFileReference; fileEncoding = 4; lastKnownFileType = sourcecode.c.h; name = "MyInterestList+HTTableViewDataSource.h"; path = "DemoDetail/MyInterestList+HTTableViewDataSource.h"; sourceTree = "<group>"; };
		2257A8A91C7D9232002A3EF3 /* MyInterestList+HTTableViewDataSource.m */ = {isa = PBXFileReference; fileEncoding = 4; lastKnownFileType = sourcecode.c.objc; name = "MyInterestList+HTTableViewDataSource.m"; path = "DemoDetail/MyInterestList+HTTableViewDataSource.m"; sourceTree = "<group>"; };
		2257A8AC1C7D9232002A3EF3 /* MyTableViewCellModel.h */ = {isa = PBXFileReference; fileEncoding = 4; lastKnownFileType = sourcecode.c.h; name = MyTableViewCellModel.h; path = DemoDetail/MyTableViewCellModel.h; sourceTree = "<group>"; };
		2257A8AD1C7D9232002A3EF3 /* MyTableViewCellModel.m */ = {isa = PBXFileReference; fileEncoding = 4; lastKnownFileType = sourcecode.c.objc; name = MyTableViewCellModel.m; path = DemoDetail/MyTableViewCellModel.m; sourceTree = "<group>"; };
		2257A8C41C7D98C0002A3EF3 /* MyTableViewCell.xib */ = {isa = PBXFileReference; fileEncoding = 4; lastKnownFileType = file.xib; name = MyTableViewCell.xib; path = DemoDetail/MyTableViewCell.xib; sourceTree = "<group>"; };
		2257A8C71C7D9946002A3EF3 /* MyTableViewCell.h */ = {isa = PBXFileReference; fileEncoding = 4; lastKnownFileType = sourcecode.c.h; name = MyTableViewCell.h; path = DemoDetail/MyTableViewCell.h; sourceTree = "<group>"; };
		2257A8C81C7D9946002A3EF3 /* MyTableViewCell.m */ = {isa = PBXFileReference; fileEncoding = 4; lastKnownFileType = sourcecode.c.objc; name = MyTableViewCell.m; path = DemoDetail/MyTableViewCell.m; sourceTree = "<group>"; };
		2257A8CC1C7D9BC7002A3EF3 /* MyDelegateTableViewCell.xib */ = {isa = PBXFileReference; fileEncoding = 4; lastKnownFileType = file.xib; name = MyDelegateTableViewCell.xib; path = DemoDetail/MyDelegateTableViewCell.xib; sourceTree = "<group>"; };
		2257A8CF1C7D9EB7002A3EF3 /* HTTableViewDataSourceDelegate.m */ = {isa = PBXFileReference; fileEncoding = 4; lastKnownFileType = sourcecode.c.objc; name = HTTableViewDataSourceDelegate.m; path = HTTableViewDataSourceDelegate/HTTableViewDataSourceDelegate.m; sourceTree = "<group>"; };
		2257A8D01C7D9EB7002A3EF3 /* HTTableViewCellModelProtocol.h */ = {isa = PBXFileReference; fileEncoding = 4; lastKnownFileType = sourcecode.c.h; name = HTTableViewCellModelProtocol.h; path = HTTableViewDataSourceDelegate/HTTableViewCellModelProtocol.h; sourceTree = "<group>"; };
		2257A8D11C7D9EB7002A3EF3 /* HTTableViewCompositeDataSourceDelegate.h */ = {isa = PBXFileReference; fileEncoding = 4; lastKnownFileType = sourcecode.c.h; name = HTTableViewCompositeDataSourceDelegate.h; path = HTTableViewDataSourceDelegate/HTTableViewCompositeDataSourceDelegate.h; sourceTree = "<group>"; };
		2257A8D21C7D9EB7002A3EF3 /* HTTableViewCompositeDataSourceDelegate.m */ = {isa = PBXFileReference; fileEncoding = 4; lastKnownFileType = sourcecode.c.objc; name = HTTableViewCompositeDataSourceDelegate.m; path = HTTableViewDataSourceDelegate/HTTableViewCompositeDataSourceDelegate.m; sourceTree = "<group>"; };
		2257A8D31C7D9EB7002A3EF3 /* HTTableViewDataSourceDelegate.h */ = {isa = PBXFileReference; fileEncoding = 4; lastKnownFileType = sourcecode.c.h; name = HTTableViewDataSourceDelegate.h; path = HTTableViewDataSourceDelegate/HTTableViewDataSourceDelegate.h; sourceTree = "<group>"; };
		2257A8D41C7D9EB7002A3EF3 /* HTTableViewDataSourceDataModelProtocol.h */ = {isa = PBXFileReference; fileEncoding = 4; lastKnownFileType = sourcecode.c.h; name = HTTableViewDataSourceDataModelProtocol.h; path = HTTableViewDataSourceDelegate/HTTableViewDataSourceDataModelProtocol.h; sourceTree = "<group>"; };
		2257A8D51C7D9EB7002A3EF3 /* NSArray+DataSource.h */ = {isa = PBXFileReference; fileEncoding = 4; lastKnownFileType = sourcecode.c.h; name = "NSArray+DataSource.h"; path = "HTTableViewDataSourceDelegate/NSArray+DataSource.h"; sourceTree = "<group>"; };
		2257A8D61C7D9EB7002A3EF3 /* NSArray+DataSource.m */ = {isa = PBXFileReference; fileEncoding = 4; lastKnownFileType = sourcecode.c.objc; name = "NSArray+DataSource.m"; path = "HTTableViewDataSourceDelegate/NSArray+DataSource.m"; sourceTree = "<group>"; };
		227173C31C4CE8DF000F6999 /* HeartTouchTableViewDataSourceDemo.app */ = {isa = PBXFileReference; explicitFileType = wrapper.application; includeInIndex = 0; path = HeartTouchTableViewDataSourceDemo.app; sourceTree = BUILT_PRODUCTS_DIR; };
		227173C71C4CE8DF000F6999 /* main.m */ = {isa = PBXFileReference; lastKnownFileType = sourcecode.c.objc; path = main.m; sourceTree = "<group>"; };
		227173C91C4CE8DF000F6999 /* AppDelegate.h */ = {isa = PBXFileReference; lastKnownFileType = sourcecode.c.h; path = AppDelegate.h; sourceTree = "<group>"; };
		227173CA1C4CE8DF000F6999 /* AppDelegate.m */ = {isa = PBXFileReference; lastKnownFileType = sourcecode.c.objc; path = AppDelegate.m; sourceTree = "<group>"; };
		227173D01C4CE8DF000F6999 /* Base */ = {isa = PBXFileReference; lastKnownFileType = file.storyboard; name = Base; path = Base.lproj/Main.storyboard; sourceTree = "<group>"; };
		227173D21C4CE8DF000F6999 /* Assets.xcassets */ = {isa = PBXFileReference; lastKnownFileType = folder.assetcatalog; path = Assets.xcassets; sourceTree = "<group>"; };
		227173D51C4CE8DF000F6999 /* Base */ = {isa = PBXFileReference; lastKnownFileType = file.storyboard; name = Base; path = Base.lproj/LaunchScreen.storyboard; sourceTree = "<group>"; };
		227173D71C4CE8DF000F6999 /* Info.plist */ = {isa = PBXFileReference; lastKnownFileType = text.plist.xml; path = Info.plist; sourceTree = "<group>"; };
		227174E71C57181B000F6999 /* ReadMe.md */ = {isa = PBXFileReference; fileEncoding = 4; lastKnownFileType = net.daringfireball.markdown; path = ReadMe.md; sourceTree = "<group>"; };
/* End PBXFileReference section */

/* Begin PBXFrameworksBuildPhase section */
		227173C01C4CE8DF000F6999 /* Frameworks */ = {
			isa = PBXFrameworksBuildPhase;
			buildActionMask = 2147483647;
			files = (
			);
			runOnlyForDeploymentPostprocessing = 0;
		};
/* End PBXFrameworksBuildPhase section */

/* Begin PBXGroup section */
		2257A8971C7D9205002A3EF3 /* Commons */ = {
			isa = PBXGroup;
			children = (
				2257A8981C7D9232002A3EF3 /* MyCellStringModel.h */,
				2257A8991C7D9232002A3EF3 /* MyCellStringModel.m */,
				2257A8AC1C7D9232002A3EF3 /* MyTableViewCellModel.h */,
				2257A8AD1C7D9232002A3EF3 /* MyTableViewCellModel.m */,
				2257A89C1C7D9232002A3EF3 /* MyDelegateTableViewCell.h */,
				2257A89D1C7D9232002A3EF3 /* MyDelegateTableViewCell.m */,
				2257A8CC1C7D9BC7002A3EF3 /* MyDelegateTableViewCell.xib */,
				2257A8C71C7D9946002A3EF3 /* MyTableViewCell.h */,
				2257A8C81C7D9946002A3EF3 /* MyTableViewCell.m */,
				2257A8C41C7D98C0002A3EF3 /* MyTableViewCell.xib */,
			);
			name = Commons;
			sourceTree = "<group>";
		};
		2257A8B91C7D93E5002A3EF3 /* DemoCellDelegate */ = {
			isa = PBXGroup;
			children = (
				2257A8A01C7D9232002A3EF3 /* MyDemoCellDelegateViewController.h */,
				2257A8A11C7D9232002A3EF3 /* MyDemoCellDelegateViewController.m */,
			);
			name = DemoCellDelegate;
			sourceTree = "<group>";
		};
		2257A8BA1C7D93F0002A3EF3 /* DemoArray */ = {
			isa = PBXGroup;
			children = (
				2257A89E1C7D9232002A3EF3 /* MyDemoArrayViewController.h */,
				2257A89F1C7D9232002A3EF3 /* MyDemoArrayViewController.m */,
			);
			name = DemoArray;
			sourceTree = "<group>";
		};
		2257A8BB1C7D93F9002A3EF3 /* DemoComposite */ = {
			isa = PBXGroup;
			children = (
				2257A8A21C7D9232002A3EF3 /* MyDemoCompositeViewController.h */,
				2257A8A31C7D9232002A3EF3 /* MyDemoCompositeViewController.m */,
			);
			name = DemoComposite;
			sourceTree = "<group>";
		};
		2257A8BC1C7D9401002A3EF3 /* DemoUserModel */ = {
			isa = PBXGroup;
			children = (
				2257A8A41C7D9232002A3EF3 /* MyDemoUserModelViewController.h */,
				2257A8A51C7D9232002A3EF3 /* MyDemoUserModelViewController.m */,
				2257A8A61C7D9232002A3EF3 /* MyInterestList.h */,
				2257A8A71C7D9232002A3EF3 /* MyInterestList.m */,
				2257A8A81C7D9232002A3EF3 /* MyInterestList+HTTableViewDataSource.h */,
				2257A8A91C7D9232002A3EF3 /* MyInterestList+HTTableViewDataSource.m */,
			);
			name = DemoUserModel;
			sourceTree = "<group>";
		};
		2257A8CE1C7D9EA3002A3EF3 /* HTTableViewDataSourceDelegate */ = {
			isa = PBXGroup;
			children = (
				2257A8D31C7D9EB7002A3EF3 /* HTTableViewDataSourceDelegate.h */,
				2257A8CF1C7D9EB7002A3EF3 /* HTTableViewDataSourceDelegate.m */,
				2257A8D01C7D9EB7002A3EF3 /* HTTableViewCellModelProtocol.h */,
				2257A8D11C7D9EB7002A3EF3 /* HTTableViewCompositeDataSourceDelegate.h */,
				2257A8D21C7D9EB7002A3EF3 /* HTTableViewCompositeDataSourceDelegate.m */,
				2257A8D41C7D9EB7002A3EF3 /* HTTableViewDataSourceDataModelProtocol.h */,
				2257A8D51C7D9EB7002A3EF3 /* NSArray+DataSource.h */,
				2257A8D61C7D9EB7002A3EF3 /* NSArray+DataSource.m */,
			);
			name = HTTableViewDataSourceDelegate;
			sourceTree = "<group>";
		};
		227173BA1C4CE8DF000F6999 = {
			isa = PBXGroup;
			children = (
				227173C51C4CE8DF000F6999 /* HeartTouchTableViewDataSourceDemo */,
				227173C41C4CE8DF000F6999 /* Products */,
			);
			sourceTree = "<group>";
		};
		227173C41C4CE8DF000F6999 /* Products */ = {
			isa = PBXGroup;
			children = (
				227173C31C4CE8DF000F6999 /* HeartTouchTableViewDataSourceDemo.app */,
			);
			name = Products;
			sourceTree = "<group>";
		};
		227173C51C4CE8DF000F6999 /* HeartTouchTableViewDataSourceDemo */ = {
			isa = PBXGroup;
			children = (
				2257A8BA1C7D93F0002A3EF3 /* DemoArray */,
				2257A8BC1C7D9401002A3EF3 /* DemoUserModel */,
				2257A8BB1C7D93F9002A3EF3 /* DemoComposite */,
				2257A8B91C7D93E5002A3EF3 /* DemoCellDelegate */,
				2257A8971C7D9205002A3EF3 /* Commons */,
				2257A8CE1C7D9EA3002A3EF3 /* HTTableViewDataSourceDelegate */,
				227174231C521621000F6999 /* HT table view height calculate */,
				227173C91C4CE8DF000F6999 /* AppDelegate.h */,
				227173CA1C4CE8DF000F6999 /* AppDelegate.m */,
				227174E71C57181B000F6999 /* ReadMe.md */,
				227173CF1C4CE8DF000F6999 /* Main.storyboard */,
				227173D21C4CE8DF000F6999 /* Assets.xcassets */,
				227173D41C4CE8DF000F6999 /* LaunchScreen.storyboard */,
				227173D71C4CE8DF000F6999 /* Info.plist */,
				227173C61C4CE8DF000F6999 /* Supporting Files */,
			);
			path = HeartTouchTableViewDataSourceDemo;
			sourceTree = "<group>";
		};
		227173C61C4CE8DF000F6999 /* Supporting Files */ = {
			isa = PBXGroup;
			children = (
				227173C71C4CE8DF000F6999 /* main.m */,
			);
			name = "Supporting Files";
			sourceTree = "<group>";
		};
		227174231C521621000F6999 /* HT table view height calculate */ = {
			isa = PBXGroup;
			children = (
				2257A87E1C7D9070002A3EF3 /* UITableView+FDIndexPathHeightCache.h */,
				2257A87F1C7D9070002A3EF3 /* UITableView+FDIndexPathHeightCache.m */,
				2257A8801C7D9070002A3EF3 /* UITableView+FDKeyedHeightCache.h */,
				2257A8811C7D9070002A3EF3 /* UITableView+FDKeyedHeightCache.m */,
				2257A8821C7D9070002A3EF3 /* UITableView+FDTemplateLayoutCell.h */,
				2257A8831C7D9070002A3EF3 /* UITableView+FDTemplateLayoutCell.m */,
				2257A8841C7D9070002A3EF3 /* UITableView+FDTemplateLayoutCellDebug.h */,
				2257A8851C7D9070002A3EF3 /* UITableView+FDTemplateLayoutCellDebug.m */,
			);
			name = "HT table view height calculate";
			sourceTree = "<group>";
		};
/* End PBXGroup section */

/* Begin PBXNativeTarget section */
		227173C21C4CE8DF000F6999 /* HeartTouchTableViewDataSourceDemo */ = {
			isa = PBXNativeTarget;
			buildConfigurationList = 227173DA1C4CE8DF000F6999 /* Build configuration list for PBXNativeTarget "HeartTouchTableViewDataSourceDemo" */;
			buildPhases = (
				227173BF1C4CE8DF000F6999 /* Sources */,
				227173C01C4CE8DF000F6999 /* Frameworks */,
				227173C11C4CE8DF000F6999 /* Resources */,
			);
			buildRules = (
			);
			dependencies = (
			);
			name = HeartTouchTableViewDataSourceDemo;
			productName = HeartTouchTableViewDataSourceDemo;
			productReference = 227173C31C4CE8DF000F6999 /* HeartTouchTableViewDataSourceDemo.app */;
			productType = "com.apple.product-type.application";
		};
/* End PBXNativeTarget section */

/* Begin PBXProject section */
		227173BB1C4CE8DF000F6999 /* Project object */ = {
			isa = PBXProject;
			attributes = {
				LastUpgradeCheck = 0720;
				ORGANIZATIONNAME = "志强";
				TargetAttributes = {
					227173C21C4CE8DF000F6999 = {
						CreatedOnToolsVersion = 7.2;
					};
				};
			};
			buildConfigurationList = 227173BE1C4CE8DF000F6999 /* Build configuration list for PBXProject "HeartTouchTableViewDataSourceDemo" */;
			compatibilityVersion = "Xcode 3.2";
			developmentRegion = English;
			hasScannedForEncodings = 0;
			knownRegions = (
				en,
				Base,
			);
			mainGroup = 227173BA1C4CE8DF000F6999;
			productRefGroup = 227173C41C4CE8DF000F6999 /* Products */;
			projectDirPath = "";
			projectRoot = "";
			targets = (
				227173C21C4CE8DF000F6999 /* HeartTouchTableViewDataSourceDemo */,
			);
		};
/* End PBXProject section */

/* Begin PBXResourcesBuildPhase section */
		227173C11C4CE8DF000F6999 /* Resources */ = {
			isa = PBXResourcesBuildPhase;
			buildActionMask = 2147483647;
			files = (
				227173D61C4CE8DF000F6999 /* LaunchScreen.storyboard in Resources */,
				227173D31C4CE8DF000F6999 /* Assets.xcassets in Resources */,
				2257A8CD1C7D9BC7002A3EF3 /* MyDelegateTableViewCell.xib in Resources */,
				227173D11C4CE8DF000F6999 /* Main.storyboard in Resources */,
				2257A8C61C7D98C0002A3EF3 /* MyTableViewCell.xib in Resources */,
			);
			runOnlyForDeploymentPostprocessing = 0;
		};
/* End PBXResourcesBuildPhase section */

/* Begin PBXSourcesBuildPhase section */
		227173BF1C4CE8DF000F6999 /* Sources */ = {
			isa = PBXSourcesBuildPhase;
			buildActionMask = 2147483647;
			files = (
				2257A8861C7D9070002A3EF3 /* UITableView+FDIndexPathHeightCache.m in Sources */,
				2257A8891C7D9070002A3EF3 /* UITableView+FDTemplateLayoutCellDebug.m in Sources */,
				2257A8B41C7D9232002A3EF3 /* MyDemoUserModelViewController.m in Sources */,
				2257A8B81C7D9232002A3EF3 /* MyTableViewCellModel.m in Sources */,
				2257A8AE1C7D9232002A3EF3 /* MyCellStringModel.m in Sources */,
				2257A8871C7D9070002A3EF3 /* UITableView+FDKeyedHeightCache.m in Sources */,
				2257A8B31C7D9232002A3EF3 /* MyDemoCompositeViewController.m in Sources */,
				227174E81C57181B000F6999 /* ReadMe.md in Sources */,
				2257A8D71C7D9EB7002A3EF3 /* HTTableViewDataSourceDelegate.m in Sources */,
				2257A8C91C7D9946002A3EF3 /* MyTableViewCell.m in Sources */,
				227173CB1C4CE8DF000F6999 /* AppDelegate.m in Sources */,
				2257A8D81C7D9EB7002A3EF3 /* HTTableViewCompositeDataSourceDelegate.m in Sources */,
				2257A8B21C7D9232002A3EF3 /* MyDemoCellDelegateViewController.m in Sources */,
				2257A8D91C7D9EB7002A3EF3 /* NSArray+DataSource.m in Sources */,
				2257A8B11C7D9232002A3EF3 /* MyDemoArrayViewController.m in Sources */,
				2257A8B01C7D9232002A3EF3 /* MyDelegateTableViewCell.m in Sources */,
				2257A8881C7D9070002A3EF3 /* UITableView+FDTemplateLayoutCell.m in Sources */,
				227173C81C4CE8DF000F6999 /* main.m in Sources */,
				2257A8B61C7D9232002A3EF3 /* MyInterestList+HTTableViewDataSource.m in Sources */,
				2257A8B51C7D9232002A3EF3 /* MyInterestList.m in Sources */,
			);
			runOnlyForDeploymentPostprocessing = 0;
		};
/* End PBXSourcesBuildPhase section */

/* Begin PBXVariantGroup section */
		227173CF1C4CE8DF000F6999 /* Main.storyboard */ = {
			isa = PBXVariantGroup;
			children = (
				227173D01C4CE8DF000F6999 /* Base */,
			);
			name = Main.storyboard;
			sourceTree = "<group>";
		};
		227173D41C4CE8DF000F6999 /* LaunchScreen.storyboard */ = {
			isa = PBXVariantGroup;
			children = (
				227173D51C4CE8DF000F6999 /* Base */,
			);
			name = LaunchScreen.storyboard;
			sourceTree = "<group>";
		};
/* End PBXVariantGroup section */

/* Begin XCBuildConfiguration section */
		227173D81C4CE8DF000F6999 /* Debug */ = {
			isa = XCBuildConfiguration;
			buildSettings = {
				ALWAYS_SEARCH_USER_PATHS = NO;
				CLANG_CXX_LANGUAGE_STANDARD = "gnu++0x";
				CLANG_CXX_LIBRARY = "libc++";
				CLANG_ENABLE_MODULES = YES;
				CLANG_ENABLE_OBJC_ARC = YES;
				CLANG_WARN_BOOL_CONVERSION = YES;
				CLANG_WARN_CONSTANT_CONVERSION = YES;
				CLANG_WARN_DIRECT_OBJC_ISA_USAGE = YES_ERROR;
				CLANG_WARN_EMPTY_BODY = YES;
				CLANG_WARN_ENUM_CONVERSION = YES;
				CLANG_WARN_INT_CONVERSION = YES;
				CLANG_WARN_OBJC_ROOT_CLASS = YES_ERROR;
				CLANG_WARN_UNREACHABLE_CODE = YES;
				CLANG_WARN__DUPLICATE_METHOD_MATCH = YES;
				"CODE_SIGN_IDENTITY[sdk=iphoneos*]" = "iPhone Developer";
				COPY_PHASE_STRIP = NO;
				DEBUG_INFORMATION_FORMAT = dwarf;
				ENABLE_STRICT_OBJC_MSGSEND = YES;
				ENABLE_TESTABILITY = YES;
				GCC_C_LANGUAGE_STANDARD = gnu99;
				GCC_DYNAMIC_NO_PIC = NO;
				GCC_NO_COMMON_BLOCKS = YES;
				GCC_OPTIMIZATION_LEVEL = 0;
				GCC_PREPROCESSOR_DEFINITIONS = (
					"DEBUG=1",
					"$(inherited)",
				);
				GCC_WARN_64_TO_32_BIT_CONVERSION = YES;
				GCC_WARN_ABOUT_RETURN_TYPE = YES_ERROR;
				GCC_WARN_UNDECLARED_SELECTOR = YES;
				GCC_WARN_UNINITIALIZED_AUTOS = YES_AGGRESSIVE;
				GCC_WARN_UNUSED_FUNCTION = YES;
				GCC_WARN_UNUSED_VARIABLE = YES;
				IPHONEOS_DEPLOYMENT_TARGET = 9.2;
				MTL_ENABLE_DEBUG_INFO = YES;
				ONLY_ACTIVE_ARCH = YES;
				SDKROOT = iphoneos;
				TARGETED_DEVICE_FAMILY = "1,2";
			};
			name = Debug;
		};
		227173D91C4CE8DF000F6999 /* Release */ = {
			isa = XCBuildConfiguration;
			buildSettings = {
				ALWAYS_SEARCH_USER_PATHS = NO;
				CLANG_CXX_LANGUAGE_STANDARD = "gnu++0x";
				CLANG_CXX_LIBRARY = "libc++";
				CLANG_ENABLE_MODULES = YES;
				CLANG_ENABLE_OBJC_ARC = YES;
				CLANG_WARN_BOOL_CONVERSION = YES;
				CLANG_WARN_CONSTANT_CONVERSION = YES;
				CLANG_WARN_DIRECT_OBJC_ISA_USAGE = YES_ERROR;
				CLANG_WARN_EMPTY_BODY = YES;
				CLANG_WARN_ENUM_CONVERSION = YES;
				CLANG_WARN_INT_CONVERSION = YES;
				CLANG_WARN_OBJC_ROOT_CLASS = YES_ERROR;
				CLANG_WARN_UNREACHABLE_CODE = YES;
				CLANG_WARN__DUPLICATE_METHOD_MATCH = YES;
				"CODE_SIGN_IDENTITY[sdk=iphoneos*]" = "iPhone Developer";
				COPY_PHASE_STRIP = NO;
				DEBUG_INFORMATION_FORMAT = "dwarf-with-dsym";
				ENABLE_NS_ASSERTIONS = NO;
				ENABLE_STRICT_OBJC_MSGSEND = YES;
				GCC_C_LANGUAGE_STANDARD = gnu99;
				GCC_NO_COMMON_BLOCKS = YES;
				GCC_WARN_64_TO_32_BIT_CONVERSION = YES;
				GCC_WARN_ABOUT_RETURN_TYPE = YES_ERROR;
				GCC_WARN_UNDECLARED_SELECTOR = YES;
				GCC_WARN_UNINITIALIZED_AUTOS = YES_AGGRESSIVE;
				GCC_WARN_UNUSED_FUNCTION = YES;
				GCC_WARN_UNUSED_VARIABLE = YES;
				IPHONEOS_DEPLOYMENT_TARGET = 9.2;
				MTL_ENABLE_DEBUG_INFO = NO;
				SDKROOT = iphoneos;
				TARGETED_DEVICE_FAMILY = "1,2";
				VALIDATE_PRODUCT = YES;
			};
			name = Release;
		};
		227173DB1C4CE8DF000F6999 /* Debug */ = {
			isa = XCBuildConfiguration;
			buildSettings = {
				ASSETCATALOG_COMPILER_APPICON_NAME = AppIcon;
				CODE_SIGN_IDENTITY = "iPhone Developer: zhongkai song (YB9TPKN6VZ)";
				INFOPLIST_FILE = HeartTouchTableViewDataSourceDemo/Info.plist;
				LD_RUNPATH_SEARCH_PATHS = "$(inherited) @executable_path/Frameworks";
				PRODUCT_BUNDLE_IDENTIFIER = HT.HeartTouchTableViewDataSourceDemo;
				PRODUCT_NAME = "$(TARGET_NAME)";
				PROVISIONING_PROFILE = "f912dcc6-0c25-4b4a-a2d9-31e47690269c";
			};
			name = Debug;
		};
		227173DC1C4CE8DF000F6999 /* Release */ = {
			isa = XCBuildConfiguration;
			buildSettings = {
				ASSETCATALOG_COMPILER_APPICON_NAME = AppIcon;
				CODE_SIGN_IDENTITY = "iPhone Developer: zhongkai song (YB9TPKN6VZ)";
				INFOPLIST_FILE = HeartTouchTableViewDataSourceDemo/Info.plist;
				LD_RUNPATH_SEARCH_PATHS = "$(inherited) @executable_path/Frameworks";
				PRODUCT_BUNDLE_IDENTIFIER = HT.HeartTouchTableViewDataSourceDemo;
				PRODUCT_NAME = "$(TARGET_NAME)";
				PROVISIONING_PROFILE = "f912dcc6-0c25-4b4a-a2d9-31e47690269c";
			};
			name = Release;
		};
/* End XCBuildConfiguration section */

/* Begin XCConfigurationList section */
		227173BE1C4CE8DF000F6999 /* Build configuration list for PBXProject "HeartTouchTableViewDataSourceDemo" */ = {
			isa = XCConfigurationList;
			buildConfigurations = (
				227173D81C4CE8DF000F6999 /* Debug */,
				227173D91C4CE8DF000F6999 /* Release */,
			);
			defaultConfigurationIsVisible = 0;
			defaultConfigurationName = Release;
		};
		227173DA1C4CE8DF000F6999 /* Build configuration list for PBXNativeTarget "HeartTouchTableViewDataSourceDemo" */ = {
			isa = XCConfigurationList;
			buildConfigurations = (
				227173DB1C4CE8DF000F6999 /* Debug */,
				227173DC1C4CE8DF000F6999 /* Release */,
			);
			defaultConfigurationIsVisible = 0;
			defaultConfigurationName = Release;
		};
/* End XCConfigurationList section */
	};
	rootObject = 227173BB1C4CE8DF000F6999 /* Project object */;
}
