// !$*UTF8*$!
{
	archiveVersion = 1;
	classes = {
	};
	objectVersion = 46;
	objects = {

/* Begin PBXBuildFile section */
		227173C81C4CE8DF000F6999 /* main.m in Sources */ = {isa = PBXBuildFile; fileRef = 227173C71C4CE8DF000F6999 /* main.m */; };
		227173CB1C4CE8DF000F6999 /* AppDelegate.m in Sources */ = {isa = PBXBuildFile; fileRef = 227173CA1C4CE8DF000F6999 /* AppDelegate.m */; };
		227173CE1C4CE8DF000F6999 /* ViewController.m in Sources */ = {isa = PBXBuildFile; fileRef = 227173CD1C4CE8DF000F6999 /* ViewController.m */; };
		227173D11C4CE8DF000F6999 /* Main.storyboard in Resources */ = {isa = PBXBuildFile; fileRef = 227173CF1C4CE8DF000F6999 /* Main.storyboard */; };
		227173D31C4CE8DF000F6999 /* Assets.xcassets in Resources */ = {isa = PBXBuildFile; fileRef = 227173D21C4CE8DF000F6999 /* Assets.xcassets */; };
		227173D61C4CE8DF000F6999 /* LaunchScreen.storyboard in Resources */ = {isa = PBXBuildFile; fileRef = 227173D41C4CE8DF000F6999 /* LaunchScreen.storyboard */; };
		227173E51C4D0620000F6999 /* MyTableViewCell.m in Sources */ = {isa = PBXBuildFile; fileRef = 227173E41C4D0620000F6999 /* MyTableViewCell.m */; };
		227173E81C4D064A000F6999 /* MyTableViewCellModel.m in Sources */ = {isa = PBXBuildFile; fileRef = 227173E71C4D064A000F6999 /* MyTableViewCellModel.m */; };
		227174031C4DCA12000F6999 /* HTTableViewDataSource.m in Sources */ = {isa = PBXBuildFile; fileRef = 227173FC1C4DCA12000F6999 /* HTTableViewDataSource.m */; };
		227174041C4DCA12000F6999 /* NSArray+DataSource.m in Sources */ = {isa = PBXBuildFile; fileRef = 227173FE1C4DCA12000F6999 /* NSArray+DataSource.m */; };
		2271740A1C4E114E000F6999 /* HTTableViewCompositeDataSource.m in Sources */ = {isa = PBXBuildFile; fileRef = 227174091C4E114E000F6999 /* HTTableViewCompositeDataSource.m */; };
		227174161C508E47000F6999 /* MyDelegateTableViewCell.m in Sources */ = {isa = PBXBuildFile; fileRef = 227174151C508E47000F6999 /* MyDelegateTableViewCell.m */; };
		227174191C5090C2000F6999 /* MyInterestList.m in Sources */ = {isa = PBXBuildFile; fileRef = 227174181C5090C2000F6999 /* MyInterestList.m */; };
		2271741C1C5091C4000F6999 /* MyInterestList+HTTableViewDataSource.m in Sources */ = {isa = PBXBuildFile; fileRef = 2271741B1C5091C4000F6999 /* MyInterestList+HTTableViewDataSource.m */; };
		227174201C5209B1000F6999 /* MyCustomHTTableViewDataSource.m in Sources */ = {isa = PBXBuildFile; fileRef = 2271741F1C5209B1000F6999 /* MyCustomHTTableViewDataSource.m */; };
		2271742E1C521637000F6999 /* UITableView+FDTemplateLayoutCell.m in Sources */ = {isa = PBXBuildFile; fileRef = 227174251C521637000F6999 /* UITableView+FDTemplateLayoutCell.m */; };
		2271742F1C521637000F6999 /* UITableView+FDKeyedHeightCache.m in Sources */ = {isa = PBXBuildFile; fileRef = 227174271C521637000F6999 /* UITableView+FDKeyedHeightCache.m */; };
		227174301C521637000F6999 /* UITableView+FDIndexPathHeightCache.m in Sources */ = {isa = PBXBuildFile; fileRef = 227174291C521637000F6999 /* UITableView+FDIndexPathHeightCache.m */; };
		227174311C521637000F6999 /* UITableView+FDTemplateLayoutCellDebug.m in Sources */ = {isa = PBXBuildFile; fileRef = 2271742B1C521637000F6999 /* UITableView+FDTemplateLayoutCellDebug.m */; };
		227174321C521637000F6999 /* UITableView+HTTemplateLayoutCell.m in Sources */ = {isa = PBXBuildFile; fileRef = 2271742D1C521637000F6999 /* UITableView+HTTemplateLayoutCell.m */; };
/* End PBXBuildFile section */

/* Begin PBXFileReference section */
		227173C31C4CE8DF000F6999 /* HeartTouchTableViewDataSourceDemo.app */ = {isa = PBXFileReference; explicitFileType = wrapper.application; includeInIndex = 0; path = HeartTouchTableViewDataSourceDemo.app; sourceTree = BUILT_PRODUCTS_DIR; };
		227173C71C4CE8DF000F6999 /* main.m */ = {isa = PBXFileReference; lastKnownFileType = sourcecode.c.objc; path = main.m; sourceTree = "<group>"; };
		227173C91C4CE8DF000F6999 /* AppDelegate.h */ = {isa = PBXFileReference; lastKnownFileType = sourcecode.c.h; path = AppDelegate.h; sourceTree = "<group>"; };
		227173CA1C4CE8DF000F6999 /* AppDelegate.m */ = {isa = PBXFileReference; lastKnownFileType = sourcecode.c.objc; path = AppDelegate.m; sourceTree = "<group>"; };
		227173CC1C4CE8DF000F6999 /* ViewController.h */ = {isa = PBXFileReference; lastKnownFileType = sourcecode.c.h; path = ViewController.h; sourceTree = "<group>"; };
		227173CD1C4CE8DF000F6999 /* ViewController.m */ = {isa = PBXFileReference; lastKnownFileType = sourcecode.c.objc; path = ViewController.m; sourceTree = "<group>"; };
		227173D01C4CE8DF000F6999 /* Base */ = {isa = PBXFileReference; lastKnownFileType = file.storyboard; name = Base; path = Base.lproj/Main.storyboard; sourceTree = "<group>"; };
		227173D21C4CE8DF000F6999 /* Assets.xcassets */ = {isa = PBXFileReference; lastKnownFileType = folder.assetcatalog; path = Assets.xcassets; sourceTree = "<group>"; };
		227173D51C4CE8DF000F6999 /* Base */ = {isa = PBXFileReference; lastKnownFileType = file.storyboard; name = Base; path = Base.lproj/LaunchScreen.storyboard; sourceTree = "<group>"; };
		227173D71C4CE8DF000F6999 /* Info.plist */ = {isa = PBXFileReference; lastKnownFileType = text.plist.xml; path = Info.plist; sourceTree = "<group>"; };
		227173E31C4D0620000F6999 /* MyTableViewCell.h */ = {isa = PBXFileReference; fileEncoding = 4; lastKnownFileType = sourcecode.c.h; path = MyTableViewCell.h; sourceTree = "<group>"; };
		227173E41C4D0620000F6999 /* MyTableViewCell.m */ = {isa = PBXFileReference; fileEncoding = 4; lastKnownFileType = sourcecode.c.objc; path = MyTableViewCell.m; sourceTree = "<group>"; };
		227173E61C4D064A000F6999 /* MyTableViewCellModel.h */ = {isa = PBXFileReference; fileEncoding = 4; lastKnownFileType = sourcecode.c.h; path = MyTableViewCellModel.h; sourceTree = "<group>"; };
		227173E71C4D064A000F6999 /* MyTableViewCellModel.m */ = {isa = PBXFileReference; fileEncoding = 4; lastKnownFileType = sourcecode.c.objc; path = MyTableViewCellModel.m; sourceTree = "<group>"; };
		227173FB1C4DCA12000F6999 /* HTTableViewDataSource.h */ = {isa = PBXFileReference; fileEncoding = 4; lastKnownFileType = sourcecode.c.h; path = HTTableViewDataSource.h; sourceTree = "<group>"; };
		227173FC1C4DCA12000F6999 /* HTTableViewDataSource.m */ = {isa = PBXFileReference; fileEncoding = 4; lastKnownFileType = sourcecode.c.objc; path = HTTableViewDataSource.m; sourceTree = "<group>"; };
		227173FD1C4DCA12000F6999 /* NSArray+DataSource.h */ = {isa = PBXFileReference; fileEncoding = 4; lastKnownFileType = sourcecode.c.h; path = "NSArray+DataSource.h"; sourceTree = "<group>"; };
		227173FE1C4DCA12000F6999 /* NSArray+DataSource.m */ = {isa = PBXFileReference; fileEncoding = 4; lastKnownFileType = sourcecode.c.objc; path = "NSArray+DataSource.m"; sourceTree = "<group>"; };
		227174081C4E114E000F6999 /* HTTableViewCompositeDataSource.h */ = {isa = PBXFileReference; fileEncoding = 4; lastKnownFileType = sourcecode.c.h; path = HTTableViewCompositeDataSource.h; sourceTree = "<group>"; };
		227174091C4E114E000F6999 /* HTTableViewCompositeDataSource.m */ = {isa = PBXFileReference; fileEncoding = 4; lastKnownFileType = sourcecode.c.objc; path = HTTableViewCompositeDataSource.m; sourceTree = "<group>"; };
		227174141C508E47000F6999 /* MyDelegateTableViewCell.h */ = {isa = PBXFileReference; fileEncoding = 4; lastKnownFileType = sourcecode.c.h; path = MyDelegateTableViewCell.h; sourceTree = "<group>"; };
		227174151C508E47000F6999 /* MyDelegateTableViewCell.m */ = {isa = PBXFileReference; fileEncoding = 4; lastKnownFileType = sourcecode.c.objc; path = MyDelegateTableViewCell.m; sourceTree = "<group>"; };
		227174171C5090C2000F6999 /* MyInterestList.h */ = {isa = PBXFileReference; fileEncoding = 4; lastKnownFileType = sourcecode.c.h; path = MyInterestList.h; sourceTree = "<group>"; };
		227174181C5090C2000F6999 /* MyInterestList.m */ = {isa = PBXFileReference; fileEncoding = 4; lastKnownFileType = sourcecode.c.objc; path = MyInterestList.m; sourceTree = "<group>"; };
		2271741A1C5091C4000F6999 /* MyInterestList+HTTableViewDataSource.h */ = {isa = PBXFileReference; fileEncoding = 4; lastKnownFileType = sourcecode.c.h; path = "MyInterestList+HTTableViewDataSource.h"; sourceTree = "<group>"; };
		2271741B1C5091C4000F6999 /* MyInterestList+HTTableViewDataSource.m */ = {isa = PBXFileReference; fileEncoding = 4; lastKnownFileType = sourcecode.c.objc; path = "MyInterestList+HTTableViewDataSource.m"; sourceTree = "<group>"; };
		2271741D1C50AA2A000F6999 /* HTDataSourceDataModelProtocol.h */ = {isa = PBXFileReference; fileEncoding = 4; lastKnownFileType = sourcecode.c.h; path = HTDataSourceDataModelProtocol.h; sourceTree = "<group>"; };
		2271741E1C5209B1000F6999 /* MyCustomHTTableViewDataSource.h */ = {isa = PBXFileReference; fileEncoding = 4; lastKnownFileType = sourcecode.c.h; path = MyCustomHTTableViewDataSource.h; sourceTree = "<group>"; };
		2271741F1C5209B1000F6999 /* MyCustomHTTableViewDataSource.m */ = {isa = PBXFileReference; fileEncoding = 4; lastKnownFileType = sourcecode.c.objc; path = MyCustomHTTableViewDataSource.m; sourceTree = "<group>"; };
		227174241C521637000F6999 /* UITableView+FDTemplateLayoutCell.h */ = {isa = PBXFileReference; fileEncoding = 4; lastKnownFileType = sourcecode.c.h; path = "UITableView+FDTemplateLayoutCell.h"; sourceTree = "<group>"; };
		227174251C521637000F6999 /* UITableView+FDTemplateLayoutCell.m */ = {isa = PBXFileReference; fileEncoding = 4; lastKnownFileType = sourcecode.c.objc; path = "UITableView+FDTemplateLayoutCell.m"; sourceTree = "<group>"; };
		227174261C521637000F6999 /* UITableView+FDKeyedHeightCache.h */ = {isa = PBXFileReference; fileEncoding = 4; lastKnownFileType = sourcecode.c.h; path = "UITableView+FDKeyedHeightCache.h"; sourceTree = "<group>"; };
		227174271C521637000F6999 /* UITableView+FDKeyedHeightCache.m */ = {isa = PBXFileReference; fileEncoding = 4; lastKnownFileType = sourcecode.c.objc; path = "UITableView+FDKeyedHeightCache.m"; sourceTree = "<group>"; };
		227174281C521637000F6999 /* UITableView+FDIndexPathHeightCache.h */ = {isa = PBXFileReference; fileEncoding = 4; lastKnownFileType = sourcecode.c.h; path = "UITableView+FDIndexPathHeightCache.h"; sourceTree = "<group>"; };
		227174291C521637000F6999 /* UITableView+FDIndexPathHeightCache.m */ = {isa = PBXFileReference; fileEncoding = 4; lastKnownFileType = sourcecode.c.objc; path = "UITableView+FDIndexPathHeightCache.m"; sourceTree = "<group>"; };
		2271742A1C521637000F6999 /* UITableView+FDTemplateLayoutCellDebug.h */ = {isa = PBXFileReference; fileEncoding = 4; lastKnownFileType = sourcecode.c.h; path = "UITableView+FDTemplateLayoutCellDebug.h"; sourceTree = "<group>"; };
		2271742B1C521637000F6999 /* UITableView+FDTemplateLayoutCellDebug.m */ = {isa = PBXFileReference; fileEncoding = 4; lastKnownFileType = sourcecode.c.objc; path = "UITableView+FDTemplateLayoutCellDebug.m"; sourceTree = "<group>"; };
		2271742C1C521637000F6999 /* UITableView+HTTemplateLayoutCell.h */ = {isa = PBXFileReference; fileEncoding = 4; lastKnownFileType = sourcecode.c.h; path = "UITableView+HTTemplateLayoutCell.h"; sourceTree = "<group>"; };
		2271742D1C521637000F6999 /* UITableView+HTTemplateLayoutCell.m */ = {isa = PBXFileReference; fileEncoding = 4; lastKnownFileType = sourcecode.c.objc; path = "UITableView+HTTemplateLayoutCell.m"; sourceTree = "<group>"; };
		227174341C5235ED000F6999 /* HTTableViewCellModelProtocol.h */ = {isa = PBXFileReference; fileEncoding = 4; lastKnownFileType = sourcecode.c.h; path = HTTableViewCellModelProtocol.h; sourceTree = "<group>"; };
/* End PBXFileReference section */

/* Begin PBXFrameworksBuildPhase section */
		227173C01C4CE8DF000F6999 /* Frameworks */ = {
			isa = PBXFrameworksBuildPhase;
			buildActionMask = 2147483647;
			files = (
			);
			runOnlyForDeploymentPostprocessing = 0;
		};
/* End PBXFrameworksBuildPhase section */

/* Begin PBXGroup section */
		227173BA1C4CE8DF000F6999 = {
			isa = PBXGroup;
			children = (
				227173C51C4CE8DF000F6999 /* HeartTouchTableViewDataSourceDemo */,
				227173C41C4CE8DF000F6999 /* Products */,
			);
			sourceTree = "<group>";
		};
		227173C41C4CE8DF000F6999 /* Products */ = {
			isa = PBXGroup;
			children = (
				227173C31C4CE8DF000F6999 /* HeartTouchTableViewDataSourceDemo.app */,
			);
			name = Products;
			sourceTree = "<group>";
		};
		227173C51C4CE8DF000F6999 /* HeartTouchTableViewDataSourceDemo */ = {
			isa = PBXGroup;
			children = (
				227173C91C4CE8DF000F6999 /* AppDelegate.h */,
				227173CA1C4CE8DF000F6999 /* AppDelegate.m */,
				227174071C4DFDF7000F6999 /* HTDataSource */,
				227174211C520CE8000F6999 /* User Data Model */,
				227174231C521621000F6999 /* HT table view height calculate */,
				227173E61C4D064A000F6999 /* MyTableViewCellModel.h */,
				227173E71C4D064A000F6999 /* MyTableViewCellModel.m */,
				227173E31C4D0620000F6999 /* MyTableViewCell.h */,
				227173E41C4D0620000F6999 /* MyTableViewCell.m */,
				227174141C508E47000F6999 /* MyDelegateTableViewCell.h */,
				227174151C508E47000F6999 /* MyDelegateTableViewCell.m */,
				2271741E1C5209B1000F6999 /* MyCustomHTTableViewDataSource.h */,
				2271741F1C5209B1000F6999 /* MyCustomHTTableViewDataSource.m */,
				227173CC1C4CE8DF000F6999 /* ViewController.h */,
				227173CD1C4CE8DF000F6999 /* ViewController.m */,
				227173CF1C4CE8DF000F6999 /* Main.storyboard */,
				227173D21C4CE8DF000F6999 /* Assets.xcassets */,
				227173D41C4CE8DF000F6999 /* LaunchScreen.storyboard */,
				227173D71C4CE8DF000F6999 /* Info.plist */,
				227173C61C4CE8DF000F6999 /* Supporting Files */,
			);
			path = HeartTouchTableViewDataSourceDemo;
			sourceTree = "<group>";
		};
		227173C61C4CE8DF000F6999 /* Supporting Files */ = {
			isa = PBXGroup;
			children = (
				227173C71C4CE8DF000F6999 /* main.m */,
			);
			name = "Supporting Files";
			sourceTree = "<group>";
		};
		227174071C4DFDF7000F6999 /* HTDataSource */ = {
			isa = PBXGroup;
			children = (
				2271741D1C50AA2A000F6999 /* HTDataSourceDataModelProtocol.h */,
				227174341C5235ED000F6999 /* HTTableViewCellModelProtocol.h */,
				227173FB1C4DCA12000F6999 /* HTTableViewDataSource.h */,
				227173FC1C4DCA12000F6999 /* HTTableViewDataSource.m */,
				227174081C4E114E000F6999 /* HTTableViewCompositeDataSource.h */,
				227174091C4E114E000F6999 /* HTTableViewCompositeDataSource.m */,
				227173FD1C4DCA12000F6999 /* NSArray+DataSource.h */,
				227173FE1C4DCA12000F6999 /* NSArray+DataSource.m */,
			);
			name = HTDataSource;
			sourceTree = "<group>";
		};
		227174211C520CE8000F6999 /* User Data Model */ = {
			isa = PBXGroup;
			children = (
				227174171C5090C2000F6999 /* MyInterestList.h */,
				227174181C5090C2000F6999 /* MyInterestList.m */,
				2271741A1C5091C4000F6999 /* MyInterestList+HTTableViewDataSource.h */,
				2271741B1C5091C4000F6999 /* MyInterestList+HTTableViewDataSource.m */,
			);
			name = "User Data Model";
			sourceTree = "<group>";
		};
		227174231C521621000F6999 /* HT table view height calculate */ = {
			isa = PBXGroup;
			children = (
				227174241C521637000F6999 /* UITableView+FDTemplateLayoutCell.h */,
				227174251C521637000F6999 /* UITableView+FDTemplateLayoutCell.m */,
				227174261C521637000F6999 /* UITableView+FDKeyedHeightCache.h */,
				227174271C521637000F6999 /* UITableView+FDKeyedHeightCache.m */,
				227174281C521637000F6999 /* UITableView+FDIndexPathHeightCache.h */,
				227174291C521637000F6999 /* UITableView+FDIndexPathHeightCache.m */,
				2271742A1C521637000F6999 /* UITableView+FDTemplateLayoutCellDebug.h */,
				2271742B1C521637000F6999 /* UITableView+FDTemplateLayoutCellDebug.m */,
				2271742C1C521637000F6999 /* UITableView+HTTemplateLayoutCell.h */,
				2271742D1C521637000F6999 /* UITableView+HTTemplateLayoutCell.m */,
			);
			name = "HT table view height calculate";
			sourceTree = "<group>";
		};
/* End PBXGroup section */

/* Begin PBXNativeTarget section */
		227173C21C4CE8DF000F6999 /* HeartTouchTableViewDataSourceDemo */ = {
			isa = PBXNativeTarget;
			buildConfigurationList = 227173DA1C4CE8DF000F6999 /* Build configuration list for PBXNativeTarget "HeartTouchTableViewDataSourceDemo" */;
			buildPhases = (
				227173BF1C4CE8DF000F6999 /* Sources */,
				227173C01C4CE8DF000F6999 /* Frameworks */,
				227173C11C4CE8DF000F6999 /* Resources */,
			);
			buildRules = (
			);
			dependencies = (
			);
			name = HeartTouchTableViewDataSourceDemo;
			productName = HeartTouchTableViewDataSourceDemo;
			productReference = 227173C31C4CE8DF000F6999 /* HeartTouchTableViewDataSourceDemo.app */;
			productType = "com.apple.product-type.application";
		};
/* End PBXNativeTarget section */

/* Begin PBXProject section */
		227173BB1C4CE8DF000F6999 /* Project object */ = {
			isa = PBXProject;
			attributes = {
				LastUpgradeCheck = 0720;
				ORGANIZATIONNAME = "志强";
				TargetAttributes = {
					227173C21C4CE8DF000F6999 = {
						CreatedOnToolsVersion = 7.2;
					};
				};
			};
			buildConfigurationList = 227173BE1C4CE8DF000F6999 /* Build configuration list for PBXProject "HeartTouchTableViewDataSourceDemo" */;
			compatibilityVersion = "Xcode 3.2";
			developmentRegion = English;
			hasScannedForEncodings = 0;
			knownRegions = (
				en,
				Base,
			);
			mainGroup = 227173BA1C4CE8DF000F6999;
			productRefGroup = 227173C41C4CE8DF000F6999 /* Products */;
			projectDirPath = "";
			projectRoot = "";
			targets = (
				227173C21C4CE8DF000F6999 /* HeartTouchTableViewDataSourceDemo */,
			);
		};
/* End PBXProject section */

/* Begin PBXResourcesBuildPhase section */
		227173C11C4CE8DF000F6999 /* Resources */ = {
			isa = PBXResourcesBuildPhase;
			buildActionMask = 2147483647;
			files = (
				227173D61C4CE8DF000F6999 /* LaunchScreen.storyboard in Resources */,
				227173D31C4CE8DF000F6999 /* Assets.xcassets in Resources */,
				227173D11C4CE8DF000F6999 /* Main.storyboard in Resources */,
			);
			runOnlyForDeploymentPostprocessing = 0;
		};
/* End PBXResourcesBuildPhase section */

/* Begin PBXSourcesBuildPhase section */
		227173BF1C4CE8DF000F6999 /* Sources */ = {
			isa = PBXSourcesBuildPhase;
			buildActionMask = 2147483647;
			files = (
				2271740A1C4E114E000F6999 /* HTTableViewCompositeDataSource.m in Sources */,
				2271742E1C521637000F6999 /* UITableView+FDTemplateLayoutCell.m in Sources */,
				227174041C4DCA12000F6999 /* NSArray+DataSource.m in Sources */,
				227174301C521637000F6999 /* UITableView+FDIndexPathHeightCache.m in Sources */,
				227174031C4DCA12000F6999 /* HTTableViewDataSource.m in Sources */,
				227173CE1C4CE8DF000F6999 /* ViewController.m in Sources */,
				227173E81C4D064A000F6999 /* MyTableViewCellModel.m in Sources */,
				227174161C508E47000F6999 /* MyDelegateTableViewCell.m in Sources */,
				2271741C1C5091C4000F6999 /* MyInterestList+HTTableViewDataSource.m in Sources */,
				227174311C521637000F6999 /* UITableView+FDTemplateLayoutCellDebug.m in Sources */,
				227173E51C4D0620000F6999 /* MyTableViewCell.m in Sources */,
				227174321C521637000F6999 /* UITableView+HTTemplateLayoutCell.m in Sources */,
				227173CB1C4CE8DF000F6999 /* AppDelegate.m in Sources */,
				227174201C5209B1000F6999 /* MyCustomHTTableViewDataSource.m in Sources */,
				227173C81C4CE8DF000F6999 /* main.m in Sources */,
				2271742F1C521637000F6999 /* UITableView+FDKeyedHeightCache.m in Sources */,
				227174191C5090C2000F6999 /* MyInterestList.m in Sources */,
			);
			runOnlyForDeploymentPostprocessing = 0;
		};
/* End PBXSourcesBuildPhase section */

/* Begin PBXVariantGroup section */
		227173CF1C4CE8DF000F6999 /* Main.storyboard */ = {
			isa = PBXVariantGroup;
			children = (
				227173D01C4CE8DF000F6999 /* Base */,
			);
			name = Main.storyboard;
			sourceTree = "<group>";
		};
		227173D41C4CE8DF000F6999 /* LaunchScreen.storyboard */ = {
			isa = PBXVariantGroup;
			children = (
				227173D51C4CE8DF000F6999 /* Base */,
			);
			name = LaunchScreen.storyboard;
			sourceTree = "<group>";
		};
/* End PBXVariantGroup section */

/* Begin XCBuildConfiguration section */
		227173D81C4CE8DF000F6999 /* Debug */ = {
			isa = XCBuildConfiguration;
			buildSettings = {
				ALWAYS_SEARCH_USER_PATHS = NO;
				CLANG_CXX_LANGUAGE_STANDARD = "gnu++0x";
				CLANG_CXX_LIBRARY = "libc++";
				CLANG_ENABLE_MODULES = YES;
				CLANG_ENABLE_OBJC_ARC = YES;
				CLANG_WARN_BOOL_CONVERSION = YES;
				CLANG_WARN_CONSTANT_CONVERSION = YES;
				CLANG_WARN_DIRECT_OBJC_ISA_USAGE = YES_ERROR;
				CLANG_WARN_EMPTY_BODY = YES;
				CLANG_WARN_ENUM_CONVERSION = YES;
				CLANG_WARN_INT_CONVERSION = YES;
				CLANG_WARN_OBJC_ROOT_CLASS = YES_ERROR;
				CLANG_WARN_UNREACHABLE_CODE = YES;
				CLANG_WARN__DUPLICATE_METHOD_MATCH = YES;
				"CODE_SIGN_IDENTITY[sdk=iphoneos*]" = "iPhone Developer";
				COPY_PHASE_STRIP = NO;
				DEBUG_INFORMATION_FORMAT = dwarf;
				ENABLE_STRICT_OBJC_MSGSEND = YES;
				ENABLE_TESTABILITY = YES;
				GCC_C_LANGUAGE_STANDARD = gnu99;
				GCC_DYNAMIC_NO_PIC = NO;
				GCC_NO_COMMON_BLOCKS = YES;
				GCC_OPTIMIZATION_LEVEL = 0;
				GCC_PREPROCESSOR_DEFINITIONS = (
					"DEBUG=1",
					"$(inherited)",
				);
				GCC_WARN_64_TO_32_BIT_CONVERSION = YES;
				GCC_WARN_ABOUT_RETURN_TYPE = YES_ERROR;
				GCC_WARN_UNDECLARED_SELECTOR = YES;
				GCC_WARN_UNINITIALIZED_AUTOS = YES_AGGRESSIVE;
				GCC_WARN_UNUSED_FUNCTION = YES;
				GCC_WARN_UNUSED_VARIABLE = YES;
				IPHONEOS_DEPLOYMENT_TARGET = 9.2;
				MTL_ENABLE_DEBUG_INFO = YES;
				ONLY_ACTIVE_ARCH = YES;
				SDKROOT = iphoneos;
				TARGETED_DEVICE_FAMILY = "1,2";
			};
			name = Debug;
		};
		227173D91C4CE8DF000F6999 /* Release */ = {
			isa = XCBuildConfiguration;
			buildSettings = {
				ALWAYS_SEARCH_USER_PATHS = NO;
				CLANG_CXX_LANGUAGE_STANDARD = "gnu++0x";
				CLANG_CXX_LIBRARY = "libc++";
				CLANG_ENABLE_MODULES = YES;
				CLANG_ENABLE_OBJC_ARC = YES;
				CLANG_WARN_BOOL_CONVERSION = YES;
				CLANG_WARN_CONSTANT_CONVERSION = YES;
				CLANG_WARN_DIRECT_OBJC_ISA_USAGE = YES_ERROR;
				CLANG_WARN_EMPTY_BODY = YES;
				CLANG_WARN_ENUM_CONVERSION = YES;
				CLANG_WARN_INT_CONVERSION = YES;
				CLANG_WARN_OBJC_ROOT_CLASS = YES_ERROR;
				CLANG_WARN_UNREACHABLE_CODE = YES;
				CLANG_WARN__DUPLICATE_METHOD_MATCH = YES;
				"CODE_SIGN_IDENTITY[sdk=iphoneos*]" = "iPhone Developer";
				COPY_PHASE_STRIP = NO;
				DEBUG_INFORMATION_FORMAT = "dwarf-with-dsym";
				ENABLE_NS_ASSERTIONS = NO;
				ENABLE_STRICT_OBJC_MSGSEND = YES;
				GCC_C_LANGUAGE_STANDARD = gnu99;
				GCC_NO_COMMON_BLOCKS = YES;
				GCC_WARN_64_TO_32_BIT_CONVERSION = YES;
				GCC_WARN_ABOUT_RETURN_TYPE = YES_ERROR;
				GCC_WARN_UNDECLARED_SELECTOR = YES;
				GCC_WARN_UNINITIALIZED_AUTOS = YES_AGGRESSIVE;
				GCC_WARN_UNUSED_FUNCTION = YES;
				GCC_WARN_UNUSED_VARIABLE = YES;
				IPHONEOS_DEPLOYMENT_TARGET = 9.2;
				MTL_ENABLE_DEBUG_INFO = NO;
				SDKROOT = iphoneos;
				TARGETED_DEVICE_FAMILY = "1,2";
				VALIDATE_PRODUCT = YES;
			};
			name = Release;
		};
		227173DB1C4CE8DF000F6999 /* Debug */ = {
			isa = XCBuildConfiguration;
			buildSettings = {
				ASSETCATALOG_COMPILER_APPICON_NAME = AppIcon;
				INFOPLIST_FILE = HeartTouchTableViewDataSourceDemo/Info.plist;
				LD_RUNPATH_SEARCH_PATHS = "$(inherited) @executable_path/Frameworks";
				PRODUCT_BUNDLE_IDENTIFIER = HT.HeartTouchTableViewDataSourceDemo;
				PRODUCT_NAME = "$(TARGET_NAME)";
			};
			name = Debug;
		};
		227173DC1C4CE8DF000F6999 /* Release */ = {
			isa = XCBuildConfiguration;
			buildSettings = {
				ASSETCATALOG_COMPILER_APPICON_NAME = AppIcon;
				INFOPLIST_FILE = HeartTouchTableViewDataSourceDemo/Info.plist;
				LD_RUNPATH_SEARCH_PATHS = "$(inherited) @executable_path/Frameworks";
				PRODUCT_BUNDLE_IDENTIFIER = HT.HeartTouchTableViewDataSourceDemo;
				PRODUCT_NAME = "$(TARGET_NAME)";
			};
			name = Release;
		};
/* End XCBuildConfiguration section */

/* Begin XCConfigurationList section */
		227173BE1C4CE8DF000F6999 /* Build configuration list for PBXProject "HeartTouchTableViewDataSourceDemo" */ = {
			isa = XCConfigurationList;
			buildConfigurations = (
				227173D81C4CE8DF000F6999 /* Debug */,
				227173D91C4CE8DF000F6999 /* Release */,
			);
			defaultConfigurationIsVisible = 0;
			defaultConfigurationName = Release;
		};
		227173DA1C4CE8DF000F6999 /* Build configuration list for PBXNativeTarget "HeartTouchTableViewDataSourceDemo" */ = {
			isa = XCConfigurationList;
			buildConfigurations = (
				227173DB1C4CE8DF000F6999 /* Debug */,
				227173DC1C4CE8DF000F6999 /* Release */,
			);
			defaultConfigurationIsVisible = 0;
			defaultConfigurationName = Release;
		};
/* End XCConfigurationList section */
	};
	rootObject = 227173BB1C4CE8DF000F6999 /* Project object */;
}
