// !$*UTF8*$!
{
	archiveVersion = 1;
	classes = {
	};
	objectVersion = 46;
	objects = {

/* Begin PBXBuildFile section */
		220446EE1C92708A00C08EEC /* Assets.xcassets in Resources */ = {isa = PBXBuildFile; fileRef = 220446EB1C92708A00C08EEC /* Assets.xcassets */; };
		220446EF1C92708A00C08EEC /* Info.plist in Resources */ = {isa = PBXBuildFile; fileRef = 220446EC1C92708A00C08EEC /* Info.plist */; };
		220446F01C92708A00C08EEC /* main.m in Sources */ = {isa = PBXBuildFile; fileRef = 220446ED1C92708A00C08EEC /* main.m */; };
		220446F51C92709C00C08EEC /* AppDelegate.m in Sources */ = {isa = PBXBuildFile; fileRef = 220446F11C92709C00C08EEC /* AppDelegate.m */; };
		220446FB1C9270B400C08EEC /* Main.storyboard in Resources */ = {isa = PBXBuildFile; fileRef = 220446F71C9270B400C08EEC /* Main.storyboard */; };
		220446FC1C9270B400C08EEC /* LaunchScreen.storyboard in Resources */ = {isa = PBXBuildFile; fileRef = 220446F91C9270B400C08EEC /* LaunchScreen.storyboard */; };
		220447141C92780400C08EEC /* MyDelegateTableViewCell.xib in Resources */ = {isa = PBXBuildFile; fileRef = 220446FE1C92780400C08EEC /* MyDelegateTableViewCell.xib */; };
		220447151C92780400C08EEC /* MyDemoArrayViewController.m in Sources */ = {isa = PBXBuildFile; fileRef = 220447001C92780400C08EEC /* MyDemoArrayViewController.m */; };
		220447161C92780400C08EEC /* MyDemoCellDelegateViewController.m in Sources */ = {isa = PBXBuildFile; fileRef = 220447021C92780400C08EEC /* MyDemoCellDelegateViewController.m */; };
		220447171C92780400C08EEC /* MyDemoCompositeViewController.m in Sources */ = {isa = PBXBuildFile; fileRef = 220447041C92780400C08EEC /* MyDemoCompositeViewController.m */; };
		220447181C92780400C08EEC /* MyDemoUserModelViewController.m in Sources */ = {isa = PBXBuildFile; fileRef = 220447061C92780400C08EEC /* MyDemoUserModelViewController.m */; };
		220447191C92780400C08EEC /* MyTableViewCell.m in Sources */ = {isa = PBXBuildFile; fileRef = 220447081C92780400C08EEC /* MyTableViewCell.m */; };
		2204471A1C92780400C08EEC /* MyTableViewCell.xib in Resources */ = {isa = PBXBuildFile; fileRef = 220447091C92780400C08EEC /* MyTableViewCell.xib */; };
		2204471B1C92780400C08EEC /* MyCellStringModel.m in Sources */ = {isa = PBXBuildFile; fileRef = 2204470B1C92780400C08EEC /* MyCellStringModel.m */; };
		2204471C1C92780400C08EEC /* MyDelegateTableViewCell.m in Sources */ = {isa = PBXBuildFile; fileRef = 2204470D1C92780400C08EEC /* MyDelegateTableViewCell.m */; };
		2204471D1C92780400C08EEC /* MyInterestList.m in Sources */ = {isa = PBXBuildFile; fileRef = 2204470F1C92780400C08EEC /* MyInterestList.m */; };
		2204471E1C92780400C08EEC /* MyInterestList+HTTableViewDataSource.m in Sources */ = {isa = PBXBuildFile; fileRef = 220447111C92780400C08EEC /* MyInterestList+HTTableViewDataSource.m */; };
		2204471F1C92780400C08EEC /* MyTableViewCellModel.m in Sources */ = {isa = PBXBuildFile; fileRef = 220447131C92780400C08EEC /* MyTableViewCellModel.m */; };
		220447221C92782600C08EEC /* MyCustomHTTableViewDataSource.m in Sources */ = {isa = PBXBuildFile; fileRef = 220447211C92782500C08EEC /* MyCustomHTTableViewDataSource.m */; };
/* End PBXBuildFile section */

/* Begin PBXFileReference section */
		220446EB1C92708A00C08EEC /* Assets.xcassets */ = {isa = PBXFileReference; lastKnownFileType = folder.assetcatalog; name = Assets.xcassets; path = Demo/Assets.xcassets; sourceTree = "<group>"; };
		220446EC1C92708A00C08EEC /* Info.plist */ = {isa = PBXFileReference; fileEncoding = 4; lastKnownFileType = text.plist.xml; name = Info.plist; path = Demo/Info.plist; sourceTree = "<group>"; };
		220446ED1C92708A00C08EEC /* main.m */ = {isa = PBXFileReference; fileEncoding = 4; lastKnownFileType = sourcecode.c.objc; name = main.m; path = Demo/main.m; sourceTree = "<group>"; };
		220446F11C92709C00C08EEC /* AppDelegate.m */ = {isa = PBXFileReference; fileEncoding = 4; lastKnownFileType = sourcecode.c.objc; name = AppDelegate.m; path = Demo/AppDelegate.m; sourceTree = "<group>"; };
		220446F41C92709C00C08EEC /* AppDelegate.h */ = {isa = PBXFileReference; fileEncoding = 4; lastKnownFileType = sourcecode.c.h; name = AppDelegate.h; path = Demo/AppDelegate.h; sourceTree = "<group>"; };
		220446F81C9270B400C08EEC /* Base */ = {isa = PBXFileReference; lastKnownFileType = file.storyboard; name = Base; path = Demo/Base.lproj/Main.storyboard; sourceTree = "<group>"; };
		220446FA1C9270B400C08EEC /* Base */ = {isa = PBXFileReference; lastKnownFileType = file.storyboard; name = Base; path = Demo/Base.lproj/LaunchScreen.storyboard; sourceTree = "<group>"; };
		220446FE1C92780400C08EEC /* MyDelegateTableViewCell.xib */ = {isa = PBXFileReference; fileEncoding = 4; lastKnownFileType = file.xib; name = MyDelegateTableViewCell.xib; path = Demo/DemoDetail/MyDelegateTableViewCell.xib; sourceTree = "<group>"; };
		220446FF1C92780400C08EEC /* MyDemoArrayViewController.h */ = {isa = PBXFileReference; fileEncoding = 4; lastKnownFileType = sourcecode.c.h; name = MyDemoArrayViewController.h; path = Demo/DemoDetail/MyDemoArrayViewController.h; sourceTree = "<group>"; };
		220447001C92780400C08EEC /* MyDemoArrayViewController.m */ = {isa = PBXFileReference; fileEncoding = 4; lastKnownFileType = sourcecode.c.objc; name = MyDemoArrayViewController.m; path = Demo/DemoDetail/MyDemoArrayViewController.m; sourceTree = "<group>"; };
		220447011C92780400C08EEC /* MyDemoCellDelegateViewController.h */ = {isa = PBXFileReference; fileEncoding = 4; lastKnownFileType = sourcecode.c.h; name = MyDemoCellDelegateViewController.h; path = Demo/DemoDetail/MyDemoCellDelegateViewController.h; sourceTree = "<group>"; };
		220447021C92780400C08EEC /* MyDemoCellDelegateViewController.m */ = {isa = PBXFileReference; fileEncoding = 4; lastKnownFileType = sourcecode.c.objc; name = MyDemoCellDelegateViewController.m; path = Demo/DemoDetail/MyDemoCellDelegateViewController.m; sourceTree = "<group>"; };
		220447031C92780400C08EEC /* MyDemoCompositeViewController.h */ = {isa = PBXFileReference; fileEncoding = 4; lastKnownFileType = sourcecode.c.h; name = MyDemoCompositeViewController.h; path = Demo/DemoDetail/MyDemoCompositeViewController.h; sourceTree = "<group>"; };
		220447041C92780400C08EEC /* MyDemoCompositeViewController.m */ = {isa = PBXFileReference; fileEncoding = 4; lastKnownFileType = sourcecode.c.objc; name = MyDemoCompositeViewController.m; path = Demo/DemoDetail/MyDemoCompositeViewController.m; sourceTree = "<group>"; };
		220447051C92780400C08EEC /* MyDemoUserModelViewController.h */ = {isa = PBXFileReference; fileEncoding = 4; lastKnownFileType = sourcecode.c.h; name = MyDemoUserModelViewController.h; path = Demo/DemoDetail/MyDemoUserModelViewController.h; sourceTree = "<group>"; };
		220447061C92780400C08EEC /* MyDemoUserModelViewController.m */ = {isa = PBXFileReference; fileEncoding = 4; lastKnownFileType = sourcecode.c.objc; name = MyDemoUserModelViewController.m; path = Demo/DemoDetail/MyDemoUserModelViewController.m; sourceTree = "<group>"; };
		220447071C92780400C08EEC /* MyTableViewCell.h */ = {isa = PBXFileReference; fileEncoding = 4; lastKnownFileType = sourcecode.c.h; name = MyTableViewCell.h; path = Demo/DemoDetail/MyTableViewCell.h; sourceTree = "<group>"; };
		220447081C92780400C08EEC /* MyTableViewCell.m */ = {isa = PBXFileReference; fileEncoding = 4; lastKnownFileType = sourcecode.c.objc; name = MyTableViewCell.m; path = Demo/DemoDetail/MyTableViewCell.m; sourceTree = "<group>"; };
		220447091C92780400C08EEC /* MyTableViewCell.xib */ = {isa = PBXFileReference; fileEncoding = 4; lastKnownFileType = file.xib; name = MyTableViewCell.xib; path = Demo/DemoDetail/MyTableViewCell.xib; sourceTree = "<group>"; };
		2204470A1C92780400C08EEC /* MyCellStringModel.h */ = {isa = PBXFileReference; fileEncoding = 4; lastKnownFileType = sourcecode.c.h; name = MyCellStringModel.h; path = Demo/DemoDetail/MyCellStringModel.h; sourceTree = "<group>"; };
		2204470B1C92780400C08EEC /* MyCellStringModel.m */ = {isa = PBXFileReference; fileEncoding = 4; lastKnownFileType = sourcecode.c.objc; name = MyCellStringModel.m; path = Demo/DemoDetail/MyCellStringModel.m; sourceTree = "<group>"; };
		2204470C1C92780400C08EEC /* MyDelegateTableViewCell.h */ = {isa = PBXFileReference; fileEncoding = 4; lastKnownFileType = sourcecode.c.h; name = MyDelegateTableViewCell.h; path = Demo/DemoDetail/MyDelegateTableViewCell.h; sourceTree = "<group>"; };
		2204470D1C92780400C08EEC /* MyDelegateTableViewCell.m */ = {isa = PBXFileReference; fileEncoding = 4; lastKnownFileType = sourcecode.c.objc; name = MyDelegateTableViewCell.m; path = Demo/DemoDetail/MyDelegateTableViewCell.m; sourceTree = "<group>"; };
		2204470E1C92780400C08EEC /* MyInterestList.h */ = {isa = PBXFileReference; fileEncoding = 4; lastKnownFileType = sourcecode.c.h; name = MyInterestList.h; path = Demo/DemoDetail/MyInterestList.h; sourceTree = "<group>"; };
		2204470F1C92780400C08EEC /* MyInterestList.m */ = {isa = PBXFileReference; fileEncoding = 4; lastKnownFileType = sourcecode.c.objc; name = MyInterestList.m; path = Demo/DemoDetail/MyInterestList.m; sourceTree = "<group>"; };
		220447101C92780400C08EEC /* MyInterestList+HTTableViewDataSource.h */ = {isa = PBXFileReference; fileEncoding = 4; lastKnownFileType = sourcecode.c.h; name = "MyInterestList+HTTableViewDataSource.h"; path = "Demo/DemoDetail/MyInterestList+HTTableViewDataSource.h"; sourceTree = "<group>"; };
		220447111C92780400C08EEC /* MyInterestList+HTTableViewDataSource.m */ = {isa = PBXFileReference; fileEncoding = 4; lastKnownFileType = sourcecode.c.objc; name = "MyInterestList+HTTableViewDataSource.m"; path = "Demo/DemoDetail/MyInterestList+HTTableViewDataSource.m"; sourceTree = "<group>"; };
		220447121C92780400C08EEC /* MyTableViewCellModel.h */ = {isa = PBXFileReference; fileEncoding = 4; lastKnownFileType = sourcecode.c.h; name = MyTableViewCellModel.h; path = Demo/DemoDetail/MyTableViewCellModel.h; sourceTree = "<group>"; };
		220447131C92780400C08EEC /* MyTableViewCellModel.m */ = {isa = PBXFileReference; fileEncoding = 4; lastKnownFileType = sourcecode.c.objc; name = MyTableViewCellModel.m; path = Demo/DemoDetail/MyTableViewCellModel.m; sourceTree = "<group>"; };
		220447201C92782500C08EEC /* MyCustomHTTableViewDataSource.h */ = {isa = PBXFileReference; fileEncoding = 4; lastKnownFileType = sourcecode.c.h; name = MyCustomHTTableViewDataSource.h; path = Demo/DemoDetail/MyCustomHTTableViewDataSource.h; sourceTree = "<group>"; };
		220447211C92782500C08EEC /* MyCustomHTTableViewDataSource.m */ = {isa = PBXFileReference; fileEncoding = 4; lastKnownFileType = sourcecode.c.objc; name = MyCustomHTTableViewDataSource.m; path = Demo/DemoDetail/MyCustomHTTableViewDataSource.m; sourceTree = "<group>"; };
		227173C31C4CE8DF000F6999 /* HeartTouchTableViewDataSourceDemo.app */ = {isa = PBXFileReference; explicitFileType = wrapper.application; includeInIndex = 0; path = HeartTouchTableViewDataSourceDemo.app; sourceTree = BUILT_PRODUCTS_DIR; };
/* End PBXFileReference section */

/* Begin PBXFrameworksBuildPhase section */
		227173C01C4CE8DF000F6999 /* Frameworks */ = {
			isa = PBXFrameworksBuildPhase;
			buildActionMask = 2147483647;
			files = (
			);
			runOnlyForDeploymentPostprocessing = 0;
		};
/* End PBXFrameworksBuildPhase section */

/* Begin PBXGroup section */
		227173BA1C4CE8DF000F6999 = {
			isa = PBXGroup;
			children = (
				227173C51C4CE8DF000F6999 /* HeartTouchTableViewDataSourceDemo */,
				227173C41C4CE8DF000F6999 /* Products */,
			);
			sourceTree = "<group>";
		};
		227173C41C4CE8DF000F6999 /* Products */ = {
			isa = PBXGroup;
			children = (
				227173C31C4CE8DF000F6999 /* HeartTouchTableViewDataSourceDemo.app */,
			);
			name = Products;
			sourceTree = "<group>";
		};
		227173C51C4CE8DF000F6999 /* HeartTouchTableViewDataSourceDemo */ = {
			isa = PBXGroup;
			children = (
				220446FE1C92780400C08EEC /* MyDelegateTableViewCell.xib */,
				220446FF1C92780400C08EEC /* MyDemoArrayViewController.h */,
				220447001C92780400C08EEC /* MyDemoArrayViewController.m */,
				220447011C92780400C08EEC /* MyDemoCellDelegateViewController.h */,
				220447021C92780400C08EEC /* MyDemoCellDelegateViewController.m */,
				220447031C92780400C08EEC /* MyDemoCompositeViewController.h */,
				220447041C92780400C08EEC /* MyDemoCompositeViewController.m */,
				220447051C92780400C08EEC /* MyDemoUserModelViewController.h */,
				220447061C92780400C08EEC /* MyDemoUserModelViewController.m */,
				220447071C92780400C08EEC /* MyTableViewCell.h */,
				220447081C92780400C08EEC /* MyTableViewCell.m */,
				220447091C92780400C08EEC /* MyTableViewCell.xib */,
				2204470A1C92780400C08EEC /* MyCellStringModel.h */,
				2204470B1C92780400C08EEC /* MyCellStringModel.m */,
				2204470C1C92780400C08EEC /* MyDelegateTableViewCell.h */,
				2204470D1C92780400C08EEC /* MyDelegateTableViewCell.m */,
				2204470E1C92780400C08EEC /* MyInterestList.h */,
				2204470F1C92780400C08EEC /* MyInterestList.m */,
				220447101C92780400C08EEC /* MyInterestList+HTTableViewDataSource.h */,
				220447111C92780400C08EEC /* MyInterestList+HTTableViewDataSource.m */,
				220447121C92780400C08EEC /* MyTableViewCellModel.h */,
				220447131C92780400C08EEC /* MyTableViewCellModel.m */,
				220447201C92782500C08EEC /* MyCustomHTTableViewDataSource.h */,
				220447211C92782500C08EEC /* MyCustomHTTableViewDataSource.m */,
				220446F11C92709C00C08EEC /* AppDelegate.m */,
				220446F41C92709C00C08EEC /* AppDelegate.h */,
				220446F71C9270B400C08EEC /* Main.storyboard */,
				220446F91C9270B400C08EEC /* LaunchScreen.storyboard */,
				227173C61C4CE8DF000F6999 /* Supporting Files */,
			);
			path = HeartTouchTableViewDataSourceDemo;
			sourceTree = "<group>";
		};
		227173C61C4CE8DF000F6999 /* Supporting Files */ = {
			isa = PBXGroup;
			children = (
				220446EB1C92708A00C08EEC /* Assets.xcassets */,
				220446EC1C92708A00C08EEC /* Info.plist */,
				220446ED1C92708A00C08EEC /* main.m */,
			);
			name = "Supporting Files";
			sourceTree = "<group>";
		};
/* End PBXGroup section */

/* Begin PBXNativeTarget section */
		227173C21C4CE8DF000F6999 /* HeartTouchTableViewDataSourceDemo */ = {
			isa = PBXNativeTarget;
			buildConfigurationList = 227173DA1C4CE8DF000F6999 /* Build configuration list for PBXNativeTarget "HeartTouchTableViewDataSourceDemo" */;
			buildPhases = (
				227173BF1C4CE8DF000F6999 /* Sources */,
				227173C01C4CE8DF000F6999 /* Frameworks */,
				227173C11C4CE8DF000F6999 /* Resources */,
			);
			buildRules = (
			);
			dependencies = (
			);
			name = HeartTouchTableViewDataSourceDemo;
			productName = HeartTouchTableViewDataSourceDemo;
			productReference = 227173C31C4CE8DF000F6999 /* HeartTouchTableViewDataSourceDemo.app */;
			productType = "com.apple.product-type.application";
		};
/* End PBXNativeTarget section */

/* Begin PBXProject section */
		227173BB1C4CE8DF000F6999 /* Project object */ = {
			isa = PBXProject;
			attributes = {
				LastUpgradeCheck = 0720;
				ORGANIZATIONNAME = "志强";
				TargetAttributes = {
					227173C21C4CE8DF000F6999 = {
						CreatedOnToolsVersion = 7.2;
					};
				};
			};
			buildConfigurationList = 227173BE1C4CE8DF000F6999 /* Build configuration list for PBXProject "HeartTouchTableViewDataSourceDemo" */;
			compatibilityVersion = "Xcode 3.2";
			developmentRegion = English;
			hasScannedForEncodings = 0;
			knownRegions = (
				en,
				Base,
			);
			mainGroup = 227173BA1C4CE8DF000F6999;
			productRefGroup = 227173C41C4CE8DF000F6999 /* Products */;
			projectDirPath = "";
			projectRoot = "";
			targets = (
				227173C21C4CE8DF000F6999 /* HeartTouchTableViewDataSourceDemo */,
			);
		};
/* End PBXProject section */

/* Begin PBXResourcesBuildPhase section */
		227173C11C4CE8DF000F6999 /* Resources */ = {
			isa = PBXResourcesBuildPhase;
			buildActionMask = 2147483647;
			files = (
				220446FB1C9270B400C08EEC /* Main.storyboard in Resources */,
				2204471A1C92780400C08EEC /* MyTableViewCell.xib in Resources */,
				220446FC1C9270B400C08EEC /* LaunchScreen.storyboard in Resources */,
				220447141C92780400C08EEC /* MyDelegateTableViewCell.xib in Resources */,
				220446EF1C92708A00C08EEC /* Info.plist in Resources */,
				220446EE1C92708A00C08EEC /* Assets.xcassets in Resources */,
			);
			runOnlyForDeploymentPostprocessing = 0;
		};
/* End PBXResourcesBuildPhase section */

/* Begin PBXSourcesBuildPhase section */
		227173BF1C4CE8DF000F6999 /* Sources */ = {
			isa = PBXSourcesBuildPhase;
			buildActionMask = 2147483647;
			files = (
				2204471C1C92780400C08EEC /* MyDelegateTableViewCell.m in Sources */,
				2204471D1C92780400C08EEC /* MyInterestList.m in Sources */,
				2204471B1C92780400C08EEC /* MyCellStringModel.m in Sources */,
				220447171C92780400C08EEC /* MyDemoCompositeViewController.m in Sources */,
				220446F51C92709C00C08EEC /* AppDelegate.m in Sources */,
				2204471E1C92780400C08EEC /* MyInterestList+HTTableViewDataSource.m in Sources */,
				220446F01C92708A00C08EEC /* main.m in Sources */,
				220447181C92780400C08EEC /* MyDemoUserModelViewController.m in Sources */,
				220447221C92782600C08EEC /* MyCustomHTTableViewDataSource.m in Sources */,
				220447191C92780400C08EEC /* MyTableViewCell.m in Sources */,
				220447161C92780400C08EEC /* MyDemoCellDelegateViewController.m in Sources */,
				220447151C92780400C08EEC /* MyDemoArrayViewController.m in Sources */,
				2204471F1C92780400C08EEC /* MyTableViewCellModel.m in Sources */,
			);
			runOnlyForDeploymentPostprocessing = 0;
		};
/* End PBXSourcesBuildPhase section */

/* Begin PBXVariantGroup section */
		220446F71C9270B400C08EEC /* Main.storyboard */ = {
			isa = PBXVariantGroup;
			children = (
				220446F81C9270B400C08EEC /* Base */,
			);
			name = Main.storyboard;
			sourceTree = "<group>";
		};
		220446F91C9270B400C08EEC /* LaunchScreen.storyboard */ = {
			isa = PBXVariantGroup;
			children = (
				220446FA1C9270B400C08EEC /* Base */,
			);
			name = LaunchScreen.storyboard;
			sourceTree = "<group>";
		};
/* End PBXVariantGroup section */

/* Begin XCBuildConfiguration section */
		227173D81C4CE8DF000F6999 /* Debug */ = {
			isa = XCBuildConfiguration;
			buildSettings = {
				ALWAYS_SEARCH_USER_PATHS = NO;
				CLANG_CXX_LANGUAGE_STANDARD = "gnu++0x";
				CLANG_CXX_LIBRARY = "libc++";
				CLANG_ENABLE_MODULES = YES;
				CLANG_ENABLE_OBJC_ARC = YES;
				CLANG_WARN_BOOL_CONVERSION = YES;
				CLANG_WARN_CONSTANT_CONVERSION = YES;
				CLANG_WARN_DIRECT_OBJC_ISA_USAGE = YES_ERROR;
				CLANG_WARN_EMPTY_BODY = YES;
				CLANG_WARN_ENUM_CONVERSION = YES;
				CLANG_WARN_INT_CONVERSION = YES;
				CLANG_WARN_OBJC_ROOT_CLASS = YES_ERROR;
				CLANG_WARN_UNREACHABLE_CODE = YES;
				CLANG_WARN__DUPLICATE_METHOD_MATCH = YES;
				"CODE_SIGN_IDENTITY[sdk=iphoneos*]" = "iPhone Developer";
				COPY_PHASE_STRIP = NO;
				DEBUG_INFORMATION_FORMAT = dwarf;
				ENABLE_STRICT_OBJC_MSGSEND = YES;
				ENABLE_TESTABILITY = YES;
				GCC_C_LANGUAGE_STANDARD = gnu99;
				GCC_DYNAMIC_NO_PIC = NO;
				GCC_NO_COMMON_BLOCKS = YES;
				GCC_OPTIMIZATION_LEVEL = 0;
				GCC_PREPROCESSOR_DEFINITIONS = (
					"DEBUG=1",
					"$(inherited)",
				);
				GCC_WARN_64_TO_32_BIT_CONVERSION = YES;
				GCC_WARN_ABOUT_RETURN_TYPE = YES_ERROR;
				GCC_WARN_UNDECLARED_SELECTOR = YES;
				GCC_WARN_UNINITIALIZED_AUTOS = YES_AGGRESSIVE;
				GCC_WARN_UNUSED_FUNCTION = YES;
				GCC_WARN_UNUSED_VARIABLE = YES;
				IPHONEOS_DEPLOYMENT_TARGET = 9.2;
				MTL_ENABLE_DEBUG_INFO = YES;
				ONLY_ACTIVE_ARCH = YES;
				SDKROOT = iphoneos;
				TARGETED_DEVICE_FAMILY = "1,2";
			};
			name = Debug;
		};
		227173D91C4CE8DF000F6999 /* Release */ = {
			isa = XCBuildConfiguration;
			buildSettings = {
				ALWAYS_SEARCH_USER_PATHS = NO;
				CLANG_CXX_LANGUAGE_STANDARD = "gnu++0x";
				CLANG_CXX_LIBRARY = "libc++";
				CLANG_ENABLE_MODULES = YES;
				CLANG_ENABLE_OBJC_ARC = YES;
				CLANG_WARN_BOOL_CONVERSION = YES;
				CLANG_WARN_CONSTANT_CONVERSION = YES;
				CLANG_WARN_DIRECT_OBJC_ISA_USAGE = YES_ERROR;
				CLANG_WARN_EMPTY_BODY = YES;
				CLANG_WARN_ENUM_CONVERSION = YES;
				CLANG_WARN_INT_CONVERSION = YES;
				CLANG_WARN_OBJC_ROOT_CLASS = YES_ERROR;
				CLANG_WARN_UNREACHABLE_CODE = YES;
				CLANG_WARN__DUPLICATE_METHOD_MATCH = YES;
				"CODE_SIGN_IDENTITY[sdk=iphoneos*]" = "iPhone Developer";
				COPY_PHASE_STRIP = NO;
				DEBUG_INFORMATION_FORMAT = "dwarf-with-dsym";
				ENABLE_NS_ASSERTIONS = NO;
				ENABLE_STRICT_OBJC_MSGSEND = YES;
				GCC_C_LANGUAGE_STANDARD = gnu99;
				GCC_NO_COMMON_BLOCKS = YES;
				GCC_WARN_64_TO_32_BIT_CONVERSION = YES;
				GCC_WARN_ABOUT_RETURN_TYPE = YES_ERROR;
				GCC_WARN_UNDECLARED_SELECTOR = YES;
				GCC_WARN_UNINITIALIZED_AUTOS = YES_AGGRESSIVE;
				GCC_WARN_UNUSED_FUNCTION = YES;
				GCC_WARN_UNUSED_VARIABLE = YES;
				IPHONEOS_DEPLOYMENT_TARGET = 9.2;
				MTL_ENABLE_DEBUG_INFO = NO;
				SDKROOT = iphoneos;
				TARGETED_DEVICE_FAMILY = "1,2";
				VALIDATE_PRODUCT = YES;
			};
			name = Release;
		};
		227173DB1C4CE8DF000F6999 /* Debug */ = {
			isa = XCBuildConfiguration;
			buildSettings = {
				ASSETCATALOG_COMPILER_APPICON_NAME = AppIcon;
				CODE_SIGN_IDENTITY = "iPhone Developer: zhongkai song (YB9TPKN6VZ)";
				INFOPLIST_FILE = HeartTouchTableViewDataSourceDemo/Info.plist;
				LD_RUNPATH_SEARCH_PATHS = "$(inherited) @executable_path/Frameworks";
				PRODUCT_BUNDLE_IDENTIFIER = HT.HeartTouchTableViewDataSourceDemo;
				PRODUCT_NAME = "$(TARGET_NAME)";
				PROVISIONING_PROFILE = "f912dcc6-0c25-4b4a-a2d9-31e47690269c";
			};
			name = Debug;
		};
		227173DC1C4CE8DF000F6999 /* Release */ = {
			isa = XCBuildConfiguration;
			buildSettings = {
				ASSETCATALOG_COMPILER_APPICON_NAME = AppIcon;
				CODE_SIGN_IDENTITY = "iPhone Developer: zhongkai song (YB9TPKN6VZ)";
				INFOPLIST_FILE = HeartTouchTableViewDataSourceDemo/Info.plist;
				LD_RUNPATH_SEARCH_PATHS = "$(inherited) @executable_path/Frameworks";
				PRODUCT_BUNDLE_IDENTIFIER = HT.HeartTouchTableViewDataSourceDemo;
				PRODUCT_NAME = "$(TARGET_NAME)";
				PROVISIONING_PROFILE = "f912dcc6-0c25-4b4a-a2d9-31e47690269c";
			};
			name = Release;
		};
/* End XCBuildConfiguration section */

/* Begin XCConfigurationList section */
		227173BE1C4CE8DF000F6999 /* Build configuration list for PBXProject "HeartTouchTableViewDataSourceDemo" */ = {
			isa = XCConfigurationList;
			buildConfigurations = (
				227173D81C4CE8DF000F6999 /* Debug */,
				227173D91C4CE8DF000F6999 /* Release */,
			);
			defaultConfigurationIsVisible = 0;
			defaultConfigurationName = Release;
		};
		227173DA1C4CE8DF000F6999 /* Build configuration list for PBXNativeTarget "HeartTouchTableViewDataSourceDemo" */ = {
			isa = XCConfigurationList;
			buildConfigurations = (
				227173DB1C4CE8DF000F6999 /* Debug */,
				227173DC1C4CE8DF000F6999 /* Release */,
			);
			defaultConfigurationIsVisible = 0;
			defaultConfigurationName = Release;
		};
/* End XCConfigurationList section */
	};
	rootObject = 227173BB1C4CE8DF000F6999 /* Project object */;
}
